// !$*UTF8*$!
{
	archiveVersion = 1;
	classes = {
	};
	objectVersion = 46;
	objects = {

/* Begin PBXBuildFile section */
		00E356F31AD99517003FC87E /* BetterRailTests.m in Sources */ = {isa = PBXBuildFile; fileRef = 00E356F21AD99517003FC87E /* BetterRailTests.m */; };
		02ED03C656594967A0656417 /* Heebo-Bold.otf in Resources */ = {isa = PBXBuildFile; fileRef = E3C07A94FCDB4698B4A058EB /* Heebo-Bold.otf */; };
		13B07FBC1A68108700A75B9A /* AppDelegate.m in Sources */ = {isa = PBXBuildFile; fileRef = 13B07FB01A68108700A75B9A /* AppDelegate.m */; };
		13B07FBF1A68108700A75B9A /* Images.xcassets in Resources */ = {isa = PBXBuildFile; fileRef = 13B07FB51A68108700A75B9A /* Images.xcassets */; };
		13B07FC11A68108700A75B9A /* main.m in Sources */ = {isa = PBXBuildFile; fileRef = 13B07FB71A68108700A75B9A /* main.m */; };
		2CC766CDFD19431C8786B99E /* Heebo-Regular.otf in Resources */ = {isa = PBXBuildFile; fileRef = 5B118A8459B542A2BA8C9824 /* Heebo-Regular.otf */; };
		3948B514A79C47EFBFC7D1B2 /* Heebo-Medium.otf in Resources */ = {isa = PBXBuildFile; fileRef = A2759849ACE84A51AA1EC58E /* Heebo-Medium.otf */; };
		5EFC395D238C4D2ABEF902D0 /* Heebo-ExtraBold.otf in Resources */ = {isa = PBXBuildFile; fileRef = AF4431C692CA4F7D8DC013BE /* Heebo-ExtraBold.otf */; };
		73244C6A71D14F56B7316FA2 /* Heebo-Black.otf in Resources */ = {isa = PBXBuildFile; fileRef = 62AD955938654791888FAB90 /* Heebo-Black.otf */; };
		81AB9BB82411601600AC10FF /* LaunchScreen.storyboard in Resources */ = {isa = PBXBuildFile; fileRef = 81AB9BB72411601600AC10FF /* LaunchScreen.storyboard */; };
		C102DF9E2764FD6600A756B6 /* WidgetLargeScheduleView.swift in Sources */ = {isa = PBXBuildFile; fileRef = C102DF9D2764FD6600A756B6 /* WidgetLargeScheduleView.swift */; };
		C1286B51275E6C8300E1E05D /* RNBetterRail.swift in Sources */ = {isa = PBXBuildFile; fileRef = C1286B50275E6C8300E1E05D /* RNBetterRail.swift */; };
		C1286B55275E6D9D00E1E05D /* RNBetterRail.m in Sources */ = {isa = PBXBuildFile; fileRef = C1286B54275E6D9D00E1E05D /* RNBetterRail.m */; };
		C1326198270C887900A248BA /* TrainDetailsView.swift in Sources */ = {isa = PBXBuildFile; fileRef = C1326197270C887900A248BA /* TrainDetailsView.swift */; };
		C14F313426331361002A01D7 /* Swifty.swift in Sources */ = {isa = PBXBuildFile; fileRef = C14F313326331361002A01D7 /* Swifty.swift */; };
		C15DA0672763A8EB00A24EF3 /* Route.intentdefinition in Sources */ = {isa = PBXBuildFile; fileRef = C1F7C89327627A60002A417F /* Route.intentdefinition */; };
		C15DA0682763ABF100A24EF3 /* stationsData.json in Resources */ = {isa = PBXBuildFile; fileRef = C1F61C0C2709F08200CD3D44 /* stationsData.json */; };
		C17FA4BA2709EFBB003797D9 /* Assets.xcassets in Resources */ = {isa = PBXBuildFile; fileRef = C17FA4B92709EFBB003797D9 /* Assets.xcassets */; };
		C17FA4C12709EFBB003797D9 /* WatchBetterRail Extension.appex in Embed App Extensions */ = {isa = PBXBuildFile; fileRef = C17FA4C02709EFBB003797D9 /* WatchBetterRail Extension.appex */; settings = {ATTRIBUTES = (RemoveHeadersOnCopy, ); }; };
		C17FA4D32709EFBC003797D9 /* WatchBetterRail.app in Embed Watch Content */ = {isa = PBXBuildFile; fileRef = C17FA4B72709EFBB003797D9 /* WatchBetterRail.app */; settings = {ATTRIBUTES = (RemoveHeadersOnCopy, ); }; };
		C183229A270DF49100A44771 /* StationImageBackground.swift in Sources */ = {isa = PBXBuildFile; fileRef = C1832299270DF49100A44771 /* StationImageBackground.swift */; };
		C1A802622747AB4D00A3073D /* WidgetKit.framework in Frameworks */ = {isa = PBXBuildFile; fileRef = C1A802612747AB4D00A3073D /* WidgetKit.framework */; };
		C1A802642747AB4D00A3073D /* SwiftUI.framework in Frameworks */ = {isa = PBXBuildFile; fileRef = C1A802632747AB4D00A3073D /* SwiftUI.framework */; };
		C1A802672747AB4D00A3073D /* BetterRailWidget.swift in Sources */ = {isa = PBXBuildFile; fileRef = C1A802662747AB4D00A3073D /* BetterRailWidget.swift */; };
		C1A802692747AB4D00A3073D /* Assets.xcassets in Resources */ = {isa = PBXBuildFile; fileRef = C1A802682747AB4D00A3073D /* Assets.xcassets */; };
		C1A8026D2747AB4D00A3073D /* BetterRailWidgetExtension.appex in Embed App Extensions */ = {isa = PBXBuildFile; fileRef = C1A802602747AB4D00A3073D /* BetterRailWidgetExtension.appex */; settings = {ATTRIBUTES = (RemoveHeadersOnCopy, ); }; };
		C1B121262761FD250085C269 /* Utilities.swift in Sources */ = {isa = PBXBuildFile; fileRef = C1F61C102709F08200CD3D44 /* Utilities.swift */; };
		C1B121272761FD260085C269 /* Utilities.swift in Sources */ = {isa = PBXBuildFile; fileRef = C1F61C102709F08200CD3D44 /* Utilities.swift */; };
		C1B121292761FD7E0085C269 /* Extensions.swift in Sources */ = {isa = PBXBuildFile; fileRef = C1B121282761FD7E0085C269 /* Extensions.swift */; };
		C1B1212B2761FDA60085C269 /* EntriesGenerator.swift in Sources */ = {isa = PBXBuildFile; fileRef = C1B1212A2761FDA60085C269 /* EntriesGenerator.swift */; };
		C1B121322761FF100085C269 /* SnapshotData.swift in Sources */ = {isa = PBXBuildFile; fileRef = C1B121312761FF100085C269 /* SnapshotData.swift */; };
		C1B121352761FF900085C269 /* WidgetBackground.swift in Sources */ = {isa = PBXBuildFile; fileRef = C1B121342761FF900085C269 /* WidgetBackground.swift */; };
		C1B1213E276202130085C269 /* Intents.framework in Frameworks */ = {isa = PBXBuildFile; fileRef = C1B1213D276202130085C269 /* Intents.framework */; };
		C1B12141276202130085C269 /* IntentHandler.swift in Sources */ = {isa = PBXBuildFile; fileRef = C1B12140276202130085C269 /* IntentHandler.swift */; };
		C1B12145276202130085C269 /* StationIntent.appex in Embed App Extensions */ = {isa = PBXBuildFile; fileRef = C1B1213C276202130085C269 /* StationIntent.appex */; settings = {ATTRIBUTES = (RemoveHeadersOnCopy, ); }; };
		C1B1214A2762034C0085C269 /* StationModel.swift in Sources */ = {isa = PBXBuildFile; fileRef = C1F61C082709F08200CD3D44 /* StationModel.swift */; };
		C1B1214B2762035B0085C269 /* stationsData.json in Resources */ = {isa = PBXBuildFile; fileRef = C1F61C0C2709F08200CD3D44 /* stationsData.json */; };
		C1B1214C2762035B0085C269 /* stationsData.json in Resources */ = {isa = PBXBuildFile; fileRef = C1F61C0C2709F08200CD3D44 /* stationsData.json */; };
		C1B1214D2762036A0085C269 /* Utilities.swift in Sources */ = {isa = PBXBuildFile; fileRef = C1F61C102709F08200CD3D44 /* Utilities.swift */; };
		C1B1214E276225C50085C269 /* Localizable.strings in Resources */ = {isa = PBXBuildFile; fileRef = C1B3FCF5271EEFFA000F33AE /* Localizable.strings */; };
		C1B1214F276225C60085C269 /* Localizable.strings in Resources */ = {isa = PBXBuildFile; fileRef = C1B3FCF5271EEFFA000F33AE /* Localizable.strings */; };
		C1B3FCF3271EEFFA000F33AE /* Localizable.strings in Resources */ = {isa = PBXBuildFile; fileRef = C1B3FCF5271EEFFA000F33AE /* Localizable.strings */; };
		C1B93926276E1C1200482B62 /* Extensions.swift in Sources */ = {isa = PBXBuildFile; fileRef = C1B121282761FD7E0085C269 /* Extensions.swift */; };
		C1B93927276E1EF700482B62 /* Extensions.swift in Sources */ = {isa = PBXBuildFile; fileRef = C1B121282761FD7E0085C269 /* Extensions.swift */; };
		C1C6DC4C274939C1000E9EED /* WidgetEntryView.swift in Sources */ = {isa = PBXBuildFile; fileRef = C1C6DC4A274939C1000E9EED /* WidgetEntryView.swift */; };
		C1C6DC4E274939D9000E9EED /* WidgetRouteView.swift in Sources */ = {isa = PBXBuildFile; fileRef = C1C6DC4D274939D9000E9EED /* WidgetRouteView.swift */; };
		C1C6DC5027493A56000E9EED /* TrainDetail.swift in Sources */ = {isa = PBXBuildFile; fileRef = C1C6DC4F27493A56000E9EED /* TrainDetail.swift */; };
		C1C6DC5127493A91000E9EED /* RouteModel.swift in Sources */ = {isa = PBXBuildFile; fileRef = C1F61C092709F08200CD3D44 /* RouteModel.swift */; };
		C1C6DC5227493A98000E9EED /* RouteModel.swift in Sources */ = {isa = PBXBuildFile; fileRef = C1F61C092709F08200CD3D44 /* RouteModel.swift */; };
		C1C6DC5327493A9C000E9EED /* StationModel.swift in Sources */ = {isa = PBXBuildFile; fileRef = C1F61C082709F08200CD3D44 /* StationModel.swift */; };
		C1C6DC5427493A9D000E9EED /* StationModel.swift in Sources */ = {isa = PBXBuildFile; fileRef = C1F61C082709F08200CD3D44 /* StationModel.swift */; };
		C1C6DC5527493AA1000E9EED /* Utilities.swift in Sources */ = {isa = PBXBuildFile; fileRef = C1F61C102709F08200CD3D44 /* Utilities.swift */; };
		C1C6DC5827493BC5000E9EED /* TrainDetail.swift in Sources */ = {isa = PBXBuildFile; fileRef = C1C6DC4F27493A56000E9EED /* TrainDetail.swift */; };
		C1C6DC5927493C51000E9EED /* Assets.xcassets in Resources */ = {isa = PBXBuildFile; fileRef = C1F61C242709F09B00CD3D44 /* Assets.xcassets */; };
		C1C6DC5B27493C56000E9EED /* Assets.xcassets in Resources */ = {isa = PBXBuildFile; fileRef = C1F61C242709F09B00CD3D44 /* Assets.xcassets */; };
		C1E62DD8270EE24C0067F262 /* StationListItem.swift in Sources */ = {isa = PBXBuildFile; fileRef = C1E62DD7270EE24C0067F262 /* StationListItem.swift */; };
		C1E62DDA270EE2690067F262 /* TrainStopListItem.swift in Sources */ = {isa = PBXBuildFile; fileRef = C1E62DD9270EE2690067F262 /* TrainStopListItem.swift */; };
		C1E62DDC270EE28B0067F262 /* TrainExchangeListItem.swift in Sources */ = {isa = PBXBuildFile; fileRef = C1E62DDB270EE28B0067F262 /* TrainExchangeListItem.swift */; };
		C1ED5218270B248C00EBB0B1 /* FavoritesModel.swift in Sources */ = {isa = PBXBuildFile; fileRef = C1ED5217270B248C00EBB0B1 /* FavoritesModel.swift */; };
		C1F29D28270B2D31009B953E /* Heebo-Bold.otf in Resources */ = {isa = PBXBuildFile; fileRef = E3C07A94FCDB4698B4A058EB /* Heebo-Bold.otf */; };
		C1F29D29270B2D31009B953E /* Heebo-Regular.otf in Resources */ = {isa = PBXBuildFile; fileRef = 5B118A8459B542A2BA8C9824 /* Heebo-Regular.otf */; };
		C1F29D2C270B2D31009B953E /* Heebo-Medium.otf in Resources */ = {isa = PBXBuildFile; fileRef = A2759849ACE84A51AA1EC58E /* Heebo-Medium.otf */; };
		C1F29D34270B31D5009B953E /* Heebo-Medium.otf in Resources */ = {isa = PBXBuildFile; fileRef = A2759849ACE84A51AA1EC58E /* Heebo-Medium.otf */; };
		C1F29D37270B31D5009B953E /* Heebo-Regular.otf in Resources */ = {isa = PBXBuildFile; fileRef = 5B118A8459B542A2BA8C9824 /* Heebo-Regular.otf */; };
		C1F29D39270B31D5009B953E /* Heebo-Bold.otf in Resources */ = {isa = PBXBuildFile; fileRef = E3C07A94FCDB4698B4A058EB /* Heebo-Bold.otf */; };
		C1F452EA281FC21F00EF53CB /* StoreKit.framework in Frameworks */ = {isa = PBXBuildFile; fileRef = C1F452E9281FC21F00EF53CB /* StoreKit.framework */; };
		C1F61C122709F08200CD3D44 /* FavoritesViewModel.swift in Sources */ = {isa = PBXBuildFile; fileRef = C1F61BFD2709F08200CD3D44 /* FavoritesViewModel.swift */; };
		C1F61C132709F08200CD3D44 /* RouteViewModel.swift in Sources */ = {isa = PBXBuildFile; fileRef = C1F61BFE2709F08200CD3D44 /* RouteViewModel.swift */; };
		C1F61C142709F08200CD3D44 /* FavoritesView.swift in Sources */ = {isa = PBXBuildFile; fileRef = C1F61C002709F08200CD3D44 /* FavoritesView.swift */; };
		C1F61C152709F08200CD3D44 /* RoutesView.swift in Sources */ = {isa = PBXBuildFile; fileRef = C1F61C012709F08200CD3D44 /* RoutesView.swift */; };
		C1F61C162709F08200CD3D44 /* FavoriteItemView.swift in Sources */ = {isa = PBXBuildFile; fileRef = C1F61C022709F08200CD3D44 /* FavoriteItemView.swift */; };
		C1F61C1A2709F08200CD3D44 /* WatchBetterRail.swift in Sources */ = {isa = PBXBuildFile; fileRef = C1F61C062709F08200CD3D44 /* WatchBetterRail.swift */; };
		C1F61C1B2709F08200CD3D44 /* StationModel.swift in Sources */ = {isa = PBXBuildFile; fileRef = C1F61C082709F08200CD3D44 /* StationModel.swift */; };
		C1F61C1C2709F08200CD3D44 /* RouteModel.swift in Sources */ = {isa = PBXBuildFile; fileRef = C1F61C092709F08200CD3D44 /* RouteModel.swift */; };
		C1F61C1F2709F08200CD3D44 /* stationsData.json in Resources */ = {isa = PBXBuildFile; fileRef = C1F61C0C2709F08200CD3D44 /* stationsData.json */; };
		C1F61C252709F09B00CD3D44 /* Assets.xcassets in Resources */ = {isa = PBXBuildFile; fileRef = C1F61C242709F09B00CD3D44 /* Assets.xcassets */; };
		C1F7C89027627A60002A417F /* Route.intentdefinition in Sources */ = {isa = PBXBuildFile; fileRef = C1F7C89327627A60002A417F /* Route.intentdefinition */; };
		C1F7C89127627A60002A417F /* Route.intentdefinition in Sources */ = {isa = PBXBuildFile; fileRef = C1F7C89327627A60002A417F /* Route.intentdefinition */; };
		DA04D16B7E3649A49F843A15 /* Heebo-Light.otf in Resources */ = {isa = PBXBuildFile; fileRef = A047FB8FBCA54556AEDB349D /* Heebo-Light.otf */; };
		DC6B055E41D9A2766AC583C5 /* libPods-BetterRail-BetterRailTests.a in Frameworks */ = {isa = PBXBuildFile; fileRef = 48B0F8E2C1E46351B0DCA018 /* libPods-BetterRail-BetterRailTests.a */; };
		EB148A208318438E9A4B4B99 /* Heebo-Thin.otf in Resources */ = {isa = PBXBuildFile; fileRef = A70BF4419AFA46D2B69352A3 /* Heebo-Thin.otf */; };
		F1D8FCDD0B8EA18B8EE52EC2 /* libPods-BetterRail.a in Frameworks */ = {isa = PBXBuildFile; fileRef = 6E72986263FBDED995A5F7AE /* libPods-BetterRail.a */; };
/* End PBXBuildFile section */

/* Begin PBXContainerItemProxy section */
		00E356F41AD99517003FC87E /* PBXContainerItemProxy */ = {
			isa = PBXContainerItemProxy;
			containerPortal = 83CBB9F71A601CBA00E9B192 /* Project object */;
			proxyType = 1;
			remoteGlobalIDString = 13B07F861A680F5B00A75B9A;
			remoteInfo = BetterRail;
		};
		C17FA4C22709EFBB003797D9 /* PBXContainerItemProxy */ = {
			isa = PBXContainerItemProxy;
			containerPortal = 83CBB9F71A601CBA00E9B192 /* Project object */;
			proxyType = 1;
			remoteGlobalIDString = C17FA4BF2709EFBB003797D9;
			remoteInfo = "WatchBetterRail Extension";
		};
		C17FA4D12709EFBC003797D9 /* PBXContainerItemProxy */ = {
			isa = PBXContainerItemProxy;
			containerPortal = 83CBB9F71A601CBA00E9B192 /* Project object */;
			proxyType = 1;
			remoteGlobalIDString = C17FA4B62709EFBB003797D9;
			remoteInfo = WatchBetterRail;
		};
		C1A8026B2747AB4D00A3073D /* PBXContainerItemProxy */ = {
			isa = PBXContainerItemProxy;
			containerPortal = 83CBB9F71A601CBA00E9B192 /* Project object */;
			proxyType = 1;
			remoteGlobalIDString = C1A8025F2747AB4D00A3073D;
			remoteInfo = BetterRailWidgetExtension;
		};
		C1B12143276202130085C269 /* PBXContainerItemProxy */ = {
			isa = PBXContainerItemProxy;
			containerPortal = 83CBB9F71A601CBA00E9B192 /* Project object */;
			proxyType = 1;
			remoteGlobalIDString = C1B1213B276202130085C269;
			remoteInfo = StationIntent;
		};
/* End PBXContainerItemProxy section */

/* Begin PBXCopyFilesBuildPhase section */
		C17FA4D42709EFBC003797D9 /* Embed Watch Content */ = {
			isa = PBXCopyFilesBuildPhase;
			buildActionMask = 2147483647;
			dstPath = "$(CONTENTS_FOLDER_PATH)/Watch";
			dstSubfolderSpec = 16;
			files = (
				C17FA4D32709EFBC003797D9 /* WatchBetterRail.app in Embed Watch Content */,
			);
			name = "Embed Watch Content";
			runOnlyForDeploymentPostprocessing = 0;
		};
		C17FA4D72709EFBC003797D9 /* Embed App Extensions */ = {
			isa = PBXCopyFilesBuildPhase;
			buildActionMask = 2147483647;
			dstPath = "";
			dstSubfolderSpec = 13;
			files = (
				C17FA4C12709EFBB003797D9 /* WatchBetterRail Extension.appex in Embed App Extensions */,
			);
			name = "Embed App Extensions";
			runOnlyForDeploymentPostprocessing = 0;
		};
		C1A8026E2747AB4D00A3073D /* Embed App Extensions */ = {
			isa = PBXCopyFilesBuildPhase;
			buildActionMask = 2147483647;
			dstPath = "";
			dstSubfolderSpec = 13;
			files = (
				C1A8026D2747AB4D00A3073D /* BetterRailWidgetExtension.appex in Embed App Extensions */,
				C1B12145276202130085C269 /* StationIntent.appex in Embed App Extensions */,
			);
			name = "Embed App Extensions";
			runOnlyForDeploymentPostprocessing = 0;
		};
/* End PBXCopyFilesBuildPhase section */

/* Begin PBXFileReference section */
		008F07F21AC5B25A0029DE68 /* main.jsbundle */ = {isa = PBXFileReference; fileEncoding = 4; lastKnownFileType = text; path = main.jsbundle; sourceTree = "<group>"; };
		00E356EE1AD99517003FC87E /* BetterRailTests.xctest */ = {isa = PBXFileReference; explicitFileType = wrapper.cfbundle; includeInIndex = 0; path = BetterRailTests.xctest; sourceTree = BUILT_PRODUCTS_DIR; };
		00E356F11AD99517003FC87E /* Info.plist */ = {isa = PBXFileReference; lastKnownFileType = text.plist.xml; path = Info.plist; sourceTree = "<group>"; };
		00E356F21AD99517003FC87E /* BetterRailTests.m */ = {isa = PBXFileReference; lastKnownFileType = sourcecode.c.objc; path = BetterRailTests.m; sourceTree = "<group>"; };
		13B07F961A680F5B00A75B9A /* BetterRail.app */ = {isa = PBXFileReference; explicitFileType = wrapper.application; includeInIndex = 0; path = BetterRail.app; sourceTree = BUILT_PRODUCTS_DIR; };
		13B07FAF1A68108700A75B9A /* AppDelegate.h */ = {isa = PBXFileReference; fileEncoding = 4; lastKnownFileType = sourcecode.c.h; name = AppDelegate.h; path = BetterRail/AppDelegate.h; sourceTree = "<group>"; };
		13B07FB01A68108700A75B9A /* AppDelegate.m */ = {isa = PBXFileReference; fileEncoding = 4; lastKnownFileType = sourcecode.c.objc; name = AppDelegate.m; path = BetterRail/AppDelegate.m; sourceTree = "<group>"; };
		13B07FB51A68108700A75B9A /* Images.xcassets */ = {isa = PBXFileReference; lastKnownFileType = folder.assetcatalog; name = Images.xcassets; path = BetterRail/Images.xcassets; sourceTree = "<group>"; };
		13B07FB61A68108700A75B9A /* Info.plist */ = {isa = PBXFileReference; fileEncoding = 4; lastKnownFileType = text.plist.xml; name = Info.plist; path = BetterRail/Info.plist; sourceTree = "<group>"; };
		13B07FB71A68108700A75B9A /* main.m */ = {isa = PBXFileReference; fileEncoding = 4; lastKnownFileType = sourcecode.c.objc; name = main.m; path = BetterRail/main.m; sourceTree = "<group>"; };
		143D58B48146F74CD7165AA9 /* Pods-BetterRail.release.xcconfig */ = {isa = PBXFileReference; includeInIndex = 1; lastKnownFileType = text.xcconfig; name = "Pods-BetterRail.release.xcconfig"; path = "Target Support Files/Pods-BetterRail/Pods-BetterRail.release.xcconfig"; sourceTree = "<group>"; };
		48B0F8E2C1E46351B0DCA018 /* libPods-BetterRail-BetterRailTests.a */ = {isa = PBXFileReference; explicitFileType = archive.ar; includeInIndex = 0; path = "libPods-BetterRail-BetterRailTests.a"; sourceTree = BUILT_PRODUCTS_DIR; };
		5B118A8459B542A2BA8C9824 /* Heebo-Regular.otf */ = {isa = PBXFileReference; explicitFileType = undefined; fileEncoding = 9; includeInIndex = 0; lastKnownFileType = unknown; name = "Heebo-Regular.otf"; path = "../assets/fonts/Heebo-Regular.otf"; sourceTree = "<group>"; };
		62AD955938654791888FAB90 /* Heebo-Black.otf */ = {isa = PBXFileReference; explicitFileType = undefined; fileEncoding = 9; includeInIndex = 0; lastKnownFileType = unknown; name = "Heebo-Black.otf"; path = "../assets/fonts/Heebo-Black.otf"; sourceTree = "<group>"; };
		6843AC57DE947CFFF5B149E8 /* Pods-BetterRail.debug.xcconfig */ = {isa = PBXFileReference; includeInIndex = 1; lastKnownFileType = text.xcconfig; name = "Pods-BetterRail.debug.xcconfig"; path = "Target Support Files/Pods-BetterRail/Pods-BetterRail.debug.xcconfig"; sourceTree = "<group>"; };
		6E72986263FBDED995A5F7AE /* libPods-BetterRail.a */ = {isa = PBXFileReference; explicitFileType = archive.ar; includeInIndex = 0; path = "libPods-BetterRail.a"; sourceTree = BUILT_PRODUCTS_DIR; };
		81AB9BB72411601600AC10FF /* LaunchScreen.storyboard */ = {isa = PBXFileReference; fileEncoding = 4; lastKnownFileType = file.storyboard; name = LaunchScreen.storyboard; path = BetterRail/LaunchScreen.storyboard; sourceTree = "<group>"; };
		9AD76AB3D8A9CCF536567F1E /* Pods-BetterRail-BetterRailTests.release.xcconfig */ = {isa = PBXFileReference; includeInIndex = 1; lastKnownFileType = text.xcconfig; name = "Pods-BetterRail-BetterRailTests.release.xcconfig"; path = "Target Support Files/Pods-BetterRail-BetterRailTests/Pods-BetterRail-BetterRailTests.release.xcconfig"; sourceTree = "<group>"; };
		A047FB8FBCA54556AEDB349D /* Heebo-Light.otf */ = {isa = PBXFileReference; explicitFileType = undefined; fileEncoding = 9; includeInIndex = 0; lastKnownFileType = unknown; name = "Heebo-Light.otf"; path = "../assets/fonts/Heebo-Light.otf"; sourceTree = "<group>"; };
		A2759849ACE84A51AA1EC58E /* Heebo-Medium.otf */ = {isa = PBXFileReference; explicitFileType = undefined; fileEncoding = 9; includeInIndex = 0; lastKnownFileType = unknown; name = "Heebo-Medium.otf"; path = "../assets/fonts/Heebo-Medium.otf"; sourceTree = "<group>"; };
		A70BF4419AFA46D2B69352A3 /* Heebo-Thin.otf */ = {isa = PBXFileReference; explicitFileType = undefined; fileEncoding = 9; includeInIndex = 0; lastKnownFileType = unknown; name = "Heebo-Thin.otf"; path = "../assets/fonts/Heebo-Thin.otf"; sourceTree = "<group>"; };
		AF4431C692CA4F7D8DC013BE /* Heebo-ExtraBold.otf */ = {isa = PBXFileReference; explicitFileType = undefined; fileEncoding = 9; includeInIndex = 0; lastKnownFileType = unknown; name = "Heebo-ExtraBold.otf"; path = "../assets/fonts/Heebo-ExtraBold.otf"; sourceTree = "<group>"; };
		C102DF9D2764FD6600A756B6 /* WidgetLargeScheduleView.swift */ = {isa = PBXFileReference; lastKnownFileType = sourcecode.swift; path = WidgetLargeScheduleView.swift; sourceTree = "<group>"; };
		C1286B50275E6C8300E1E05D /* RNBetterRail.swift */ = {isa = PBXFileReference; lastKnownFileType = sourcecode.swift; name = RNBetterRail.swift; path = BetterRail/RNBetterRail.swift; sourceTree = "<group>"; };
		C1286B54275E6D9D00E1E05D /* RNBetterRail.m */ = {isa = PBXFileReference; lastKnownFileType = sourcecode.c.objc; path = RNBetterRail.m; sourceTree = "<group>"; };
		C1326197270C887900A248BA /* TrainDetailsView.swift */ = {isa = PBXFileReference; lastKnownFileType = sourcecode.swift; path = TrainDetailsView.swift; sourceTree = "<group>"; };
		C14F313226331361002A01D7 /* BetterRail-Bridging-Header.h */ = {isa = PBXFileReference; lastKnownFileType = sourcecode.c.h; path = "BetterRail-Bridging-Header.h"; sourceTree = "<group>"; };
		C14F313326331361002A01D7 /* Swifty.swift */ = {isa = PBXFileReference; lastKnownFileType = sourcecode.swift; path = Swifty.swift; sourceTree = "<group>"; };
		C15DA06A2763AD2800A24EF3 /* he */ = {isa = PBXFileReference; lastKnownFileType = text.plist.strings; name = he; path = he.lproj/Route.strings; sourceTree = "<group>"; };
		C1640A0827D510E400DEDB01 /* ru */ = {isa = PBXFileReference; lastKnownFileType = text.plist.strings; name = ru; path = ru.lproj/Route.strings; sourceTree = "<group>"; };
		C17FA4B72709EFBB003797D9 /* WatchBetterRail.app */ = {isa = PBXFileReference; explicitFileType = wrapper.application; includeInIndex = 0; path = WatchBetterRail.app; sourceTree = BUILT_PRODUCTS_DIR; };
		C17FA4B92709EFBB003797D9 /* Assets.xcassets */ = {isa = PBXFileReference; lastKnownFileType = folder.assetcatalog; path = Assets.xcassets; sourceTree = "<group>"; };
		C17FA4BB2709EFBB003797D9 /* Info.plist */ = {isa = PBXFileReference; lastKnownFileType = text.plist.xml; path = Info.plist; sourceTree = "<group>"; };
		C17FA4C02709EFBB003797D9 /* WatchBetterRail Extension.appex */ = {isa = PBXFileReference; explicitFileType = "wrapper.app-extension"; includeInIndex = 0; path = "WatchBetterRail Extension.appex"; sourceTree = BUILT_PRODUCTS_DIR; };
		C17FA4D02709EFBC003797D9 /* Info.plist */ = {isa = PBXFileReference; lastKnownFileType = text.plist.xml; path = Info.plist; sourceTree = "<group>"; };
		C1832299270DF49100A44771 /* StationImageBackground.swift */ = {isa = PBXFileReference; lastKnownFileType = sourcecode.swift; path = StationImageBackground.swift; sourceTree = "<group>"; };
		C1A802602747AB4D00A3073D /* BetterRailWidgetExtension.appex */ = {isa = PBXFileReference; explicitFileType = "wrapper.app-extension"; includeInIndex = 0; path = BetterRailWidgetExtension.appex; sourceTree = BUILT_PRODUCTS_DIR; };
		C1A802612747AB4D00A3073D /* WidgetKit.framework */ = {isa = PBXFileReference; lastKnownFileType = wrapper.framework; name = WidgetKit.framework; path = System/Library/Frameworks/WidgetKit.framework; sourceTree = SDKROOT; };
		C1A802632747AB4D00A3073D /* SwiftUI.framework */ = {isa = PBXFileReference; lastKnownFileType = wrapper.framework; name = SwiftUI.framework; path = System/Library/Frameworks/SwiftUI.framework; sourceTree = SDKROOT; };
		C1A802662747AB4D00A3073D /* BetterRailWidget.swift */ = {isa = PBXFileReference; lastKnownFileType = sourcecode.swift; path = BetterRailWidget.swift; sourceTree = "<group>"; };
		C1A802682747AB4D00A3073D /* Assets.xcassets */ = {isa = PBXFileReference; lastKnownFileType = folder.assetcatalog; path = Assets.xcassets; sourceTree = "<group>"; };
		C1A8026A2747AB4D00A3073D /* Info.plist */ = {isa = PBXFileReference; lastKnownFileType = text.plist.xml; path = Info.plist; sourceTree = "<group>"; };
		C1B121282761FD7E0085C269 /* Extensions.swift */ = {isa = PBXFileReference; lastKnownFileType = sourcecode.swift; path = Extensions.swift; sourceTree = "<group>"; };
		C1B1212A2761FDA60085C269 /* EntriesGenerator.swift */ = {isa = PBXFileReference; lastKnownFileType = sourcecode.swift; path = EntriesGenerator.swift; sourceTree = "<group>"; };
		C1B121312761FF100085C269 /* SnapshotData.swift */ = {isa = PBXFileReference; lastKnownFileType = sourcecode.swift; path = SnapshotData.swift; sourceTree = "<group>"; };
		C1B121342761FF900085C269 /* WidgetBackground.swift */ = {isa = PBXFileReference; lastKnownFileType = sourcecode.swift; path = WidgetBackground.swift; sourceTree = "<group>"; };
		C1B1213C276202130085C269 /* StationIntent.appex */ = {isa = PBXFileReference; explicitFileType = "wrapper.app-extension"; includeInIndex = 0; path = StationIntent.appex; sourceTree = BUILT_PRODUCTS_DIR; };
		C1B1213D276202130085C269 /* Intents.framework */ = {isa = PBXFileReference; lastKnownFileType = wrapper.framework; name = Intents.framework; path = System/Library/Frameworks/Intents.framework; sourceTree = SDKROOT; };
		C1B12140276202130085C269 /* IntentHandler.swift */ = {isa = PBXFileReference; lastKnownFileType = sourcecode.swift; path = IntentHandler.swift; sourceTree = "<group>"; };
		C1B12142276202130085C269 /* Info.plist */ = {isa = PBXFileReference; lastKnownFileType = text.plist.xml; path = Info.plist; sourceTree = "<group>"; };
		C1B12150276235B10085C269 /* BetterRailRelease.entitlements */ = {isa = PBXFileReference; lastKnownFileType = text.plist.entitlements; name = BetterRailRelease.entitlements; path = BetterRail/BetterRailRelease.entitlements; sourceTree = "<group>"; };
		C1B12151276236010085C269 /* StationIntentRelease.entitlements */ = {isa = PBXFileReference; lastKnownFileType = text.plist.entitlements; path = StationIntentRelease.entitlements; sourceTree = "<group>"; };
		C1B121522762419B0085C269 /* BetterRailDebug.entitlements */ = {isa = PBXFileReference; lastKnownFileType = text.plist.entitlements; name = BetterRailDebug.entitlements; path = BetterRail/BetterRailDebug.entitlements; sourceTree = "<group>"; };
		C1B12153276241A30085C269 /* StationIntentDebug.entitlements */ = {isa = PBXFileReference; lastKnownFileType = text.plist.entitlements; path = StationIntentDebug.entitlements; sourceTree = "<group>"; };
		C1B3FCF4271EEFFA000F33AE /* en */ = {isa = PBXFileReference; lastKnownFileType = text.plist.strings; name = en; path = en.lproj/Localizable.strings; sourceTree = "<group>"; };
		C1B3FCF6271EEFFD000F33AE /* he */ = {isa = PBXFileReference; lastKnownFileType = text.plist.strings; name = he; path = he.lproj/Localizable.strings; sourceTree = "<group>"; };
		C1B3FCF7271F25AA000F33AE /* ar */ = {isa = PBXFileReference; lastKnownFileType = text.plist.strings; name = ar; path = ar.lproj/Localizable.strings; sourceTree = "<group>"; };
		C1C6DC4A274939C1000E9EED /* WidgetEntryView.swift */ = {isa = PBXFileReference; lastKnownFileType = sourcecode.swift; path = WidgetEntryView.swift; sourceTree = "<group>"; };
		C1C6DC4D274939D9000E9EED /* WidgetRouteView.swift */ = {isa = PBXFileReference; lastKnownFileType = sourcecode.swift; path = WidgetRouteView.swift; sourceTree = "<group>"; };
		C1C6DC4F27493A56000E9EED /* TrainDetail.swift */ = {isa = PBXFileReference; lastKnownFileType = sourcecode.swift; path = TrainDetail.swift; sourceTree = "<group>"; };
		C1E436A627D5109200E72280 /* ru */ = {isa = PBXFileReference; lastKnownFileType = text.plist.strings; name = ru; path = ru.lproj/Localizable.strings; sourceTree = "<group>"; };
		C1E62DD7270EE24C0067F262 /* StationListItem.swift */ = {isa = PBXFileReference; lastKnownFileType = sourcecode.swift; path = StationListItem.swift; sourceTree = "<group>"; };
		C1E62DD9270EE2690067F262 /* TrainStopListItem.swift */ = {isa = PBXFileReference; lastKnownFileType = sourcecode.swift; path = TrainStopListItem.swift; sourceTree = "<group>"; };
		C1E62DDB270EE28B0067F262 /* TrainExchangeListItem.swift */ = {isa = PBXFileReference; lastKnownFileType = sourcecode.swift; path = TrainExchangeListItem.swift; sourceTree = "<group>"; };
		C1ED5217270B248C00EBB0B1 /* FavoritesModel.swift */ = {isa = PBXFileReference; lastKnownFileType = sourcecode.swift; path = FavoritesModel.swift; sourceTree = "<group>"; };
		C1F452E9281FC21F00EF53CB /* StoreKit.framework */ = {isa = PBXFileReference; lastKnownFileType = wrapper.framework; name = StoreKit.framework; path = System/Library/Frameworks/StoreKit.framework; sourceTree = SDKROOT; };
		C1F61BFD2709F08200CD3D44 /* FavoritesViewModel.swift */ = {isa = PBXFileReference; fileEncoding = 4; lastKnownFileType = sourcecode.swift; path = FavoritesViewModel.swift; sourceTree = "<group>"; };
		C1F61BFE2709F08200CD3D44 /* RouteViewModel.swift */ = {isa = PBXFileReference; fileEncoding = 4; lastKnownFileType = sourcecode.swift; path = RouteViewModel.swift; sourceTree = "<group>"; };
		C1F61C002709F08200CD3D44 /* FavoritesView.swift */ = {isa = PBXFileReference; fileEncoding = 4; lastKnownFileType = sourcecode.swift; path = FavoritesView.swift; sourceTree = "<group>"; };
		C1F61C012709F08200CD3D44 /* RoutesView.swift */ = {isa = PBXFileReference; fileEncoding = 4; lastKnownFileType = sourcecode.swift; path = RoutesView.swift; sourceTree = "<group>"; };
		C1F61C022709F08200CD3D44 /* FavoriteItemView.swift */ = {isa = PBXFileReference; fileEncoding = 4; lastKnownFileType = sourcecode.swift; path = FavoriteItemView.swift; sourceTree = "<group>"; };
		C1F61C062709F08200CD3D44 /* WatchBetterRail.swift */ = {isa = PBXFileReference; fileEncoding = 4; lastKnownFileType = sourcecode.swift; path = WatchBetterRail.swift; sourceTree = "<group>"; };
		C1F61C082709F08200CD3D44 /* StationModel.swift */ = {isa = PBXFileReference; fileEncoding = 4; lastKnownFileType = sourcecode.swift; path = StationModel.swift; sourceTree = "<group>"; };
		C1F61C092709F08200CD3D44 /* RouteModel.swift */ = {isa = PBXFileReference; fileEncoding = 4; lastKnownFileType = sourcecode.swift; path = RouteModel.swift; sourceTree = "<group>"; };
		C1F61C0C2709F08200CD3D44 /* stationsData.json */ = {isa = PBXFileReference; fileEncoding = 4; lastKnownFileType = text.json; path = stationsData.json; sourceTree = "<group>"; };
		C1F61C102709F08200CD3D44 /* Utilities.swift */ = {isa = PBXFileReference; fileEncoding = 4; lastKnownFileType = sourcecode.swift; path = Utilities.swift; sourceTree = "<group>"; };
		C1F61C242709F09B00CD3D44 /* Assets.xcassets */ = {isa = PBXFileReference; lastKnownFileType = folder.assetcatalog; path = Assets.xcassets; sourceTree = "<group>"; };
		C1F7C89527627B5E002A417F /* Base */ = {isa = PBXFileReference; lastKnownFileType = file.intentdefinition; name = Base; path = Base.lproj/Route.intentdefinition; sourceTree = "<group>"; };
		C1F7C89927627BCC002A417F /* ar */ = {isa = PBXFileReference; lastKnownFileType = text.plist.strings; name = ar; path = ar.lproj/Route.strings; sourceTree = "<group>"; };
		D4783C31AABD7321A40B9182 /* Pods-BetterRail-BetterRailTests.debug.xcconfig */ = {isa = PBXFileReference; includeInIndex = 1; lastKnownFileType = text.xcconfig; name = "Pods-BetterRail-BetterRailTests.debug.xcconfig"; path = "Target Support Files/Pods-BetterRail-BetterRailTests/Pods-BetterRail-BetterRailTests.debug.xcconfig"; sourceTree = "<group>"; };
		E3C07A94FCDB4698B4A058EB /* Heebo-Bold.otf */ = {isa = PBXFileReference; explicitFileType = undefined; fileEncoding = 9; includeInIndex = 0; lastKnownFileType = unknown; name = "Heebo-Bold.otf"; path = "../assets/fonts/Heebo-Bold.otf"; sourceTree = "<group>"; };
		ED297162215061F000B7C4FE /* JavaScriptCore.framework */ = {isa = PBXFileReference; lastKnownFileType = wrapper.framework; name = JavaScriptCore.framework; path = System/Library/Frameworks/JavaScriptCore.framework; sourceTree = SDKROOT; };
		ED2971642150620600B7C4FE /* JavaScriptCore.framework */ = {isa = PBXFileReference; lastKnownFileType = wrapper.framework; name = JavaScriptCore.framework; path = Platforms/AppleTVOS.platform/Developer/SDKs/AppleTVOS12.0.sdk/System/Library/Frameworks/JavaScriptCore.framework; sourceTree = DEVELOPER_DIR; };
/* End PBXFileReference section */

/* Begin PBXFrameworksBuildPhase section */
		00E356EB1AD99517003FC87E /* Frameworks */ = {
			isa = PBXFrameworksBuildPhase;
			buildActionMask = 2147483647;
			files = (
				DC6B055E41D9A2766AC583C5 /* libPods-BetterRail-BetterRailTests.a in Frameworks */,
			);
			runOnlyForDeploymentPostprocessing = 0;
		};
		13B07F8C1A680F5B00A75B9A /* Frameworks */ = {
			isa = PBXFrameworksBuildPhase;
			buildActionMask = 2147483647;
			files = (
				C1F452EA281FC21F00EF53CB /* StoreKit.framework in Frameworks */,
				F1D8FCDD0B8EA18B8EE52EC2 /* libPods-BetterRail.a in Frameworks */,
			);
			runOnlyForDeploymentPostprocessing = 0;
		};
		5ADD2F5D367465AA26E9276A /* Frameworks */ = {
			isa = PBXFrameworksBuildPhase;
			buildActionMask = 2147483647;
			files = (
			);
			runOnlyForDeploymentPostprocessing = 0;
		};
		C17FA4BD2709EFBB003797D9 /* Frameworks */ = {
			isa = PBXFrameworksBuildPhase;
			buildActionMask = 2147483647;
			files = (
			);
			runOnlyForDeploymentPostprocessing = 0;
		};
		C1A8025D2747AB4D00A3073D /* Frameworks */ = {
			isa = PBXFrameworksBuildPhase;
			buildActionMask = 2147483647;
			files = (
				C1A802642747AB4D00A3073D /* SwiftUI.framework in Frameworks */,
				C1A802622747AB4D00A3073D /* WidgetKit.framework in Frameworks */,
			);
			runOnlyForDeploymentPostprocessing = 0;
		};
		C1B12139276202130085C269 /* Frameworks */ = {
			isa = PBXFrameworksBuildPhase;
			buildActionMask = 2147483647;
			files = (
				C1B1213E276202130085C269 /* Intents.framework in Frameworks */,
			);
			runOnlyForDeploymentPostprocessing = 0;
		};
/* End PBXFrameworksBuildPhase section */

/* Begin PBXGroup section */
		00E356EF1AD99517003FC87E /* BetterRailTests */ = {
			isa = PBXGroup;
			children = (
				00E356F21AD99517003FC87E /* BetterRailTests.m */,
				00E356F01AD99517003FC87E /* Supporting Files */,
			);
			path = BetterRailTests;
			sourceTree = "<group>";
		};
		00E356F01AD99517003FC87E /* Supporting Files */ = {
			isa = PBXGroup;
			children = (
				00E356F11AD99517003FC87E /* Info.plist */,
			);
			name = "Supporting Files";
			sourceTree = "<group>";
		};
		13B07FAE1A68108700A75B9A /* BetterRail */ = {
			isa = PBXGroup;
			children = (
				C1B121522762419B0085C269 /* BetterRailDebug.entitlements */,
				C1B12150276235B10085C269 /* BetterRailRelease.entitlements */,
				008F07F21AC5B25A0029DE68 /* main.jsbundle */,
				13B07FAF1A68108700A75B9A /* AppDelegate.h */,
				13B07FB01A68108700A75B9A /* AppDelegate.m */,
				13B07FB51A68108700A75B9A /* Images.xcassets */,
				C1286B50275E6C8300E1E05D /* RNBetterRail.swift */,
				C1286B54275E6D9D00E1E05D /* RNBetterRail.m */,
				13B07FB61A68108700A75B9A /* Info.plist */,
				81AB9BB72411601600AC10FF /* LaunchScreen.storyboard */,
				13B07FB71A68108700A75B9A /* main.m */,
				C1F61C102709F08200CD3D44 /* Utilities.swift */,
			);
			name = BetterRail;
			sourceTree = "<group>";
		};
		2D16E6871FA4F8E400B85C8A /* Frameworks */ = {
			isa = PBXGroup;
			children = (
				C1F452E9281FC21F00EF53CB /* StoreKit.framework */,
				ED297162215061F000B7C4FE /* JavaScriptCore.framework */,
				ED2971642150620600B7C4FE /* JavaScriptCore.framework */,
				C1A802612747AB4D00A3073D /* WidgetKit.framework */,
				C1A802632747AB4D00A3073D /* SwiftUI.framework */,
				C1B1213D276202130085C269 /* Intents.framework */,
				6E72986263FBDED995A5F7AE /* libPods-BetterRail.a */,
				48B0F8E2C1E46351B0DCA018 /* libPods-BetterRail-BetterRailTests.a */,
			);
			name = Frameworks;
			sourceTree = "<group>";
		};
		71ED362ACEA45F9F60DCD285 /* Pods */ = {
			isa = PBXGroup;
			children = (
				6843AC57DE947CFFF5B149E8 /* Pods-BetterRail.debug.xcconfig */,
				143D58B48146F74CD7165AA9 /* Pods-BetterRail.release.xcconfig */,
				D4783C31AABD7321A40B9182 /* Pods-BetterRail-BetterRailTests.debug.xcconfig */,
				9AD76AB3D8A9CCF536567F1E /* Pods-BetterRail-BetterRailTests.release.xcconfig */,
			);
			path = Pods;
			sourceTree = "<group>";
		};
		832341AE1AAA6A7D00B99B32 /* Libraries */ = {
			isa = PBXGroup;
			children = (
			);
			name = Libraries;
			sourceTree = "<group>";
		};
		83CBB9F61A601CBA00E9B192 = {
			isa = PBXGroup;
			children = (
				C14F313326331361002A01D7 /* Swifty.swift */,
				C14F313226331361002A01D7 /* BetterRail-Bridging-Header.h */,
				C1B3FCF5271EEFFA000F33AE /* Localizable.strings */,
				13B07FAE1A68108700A75B9A /* BetterRail */,
				832341AE1AAA6A7D00B99B32 /* Libraries */,
				00E356EF1AD99517003FC87E /* BetterRailTests */,
				C17FA4B82709EFBB003797D9 /* WatchBetterRail */,
				C17FA4C42709EFBB003797D9 /* WatchBetterRail Extension */,
				C1A802652747AB4D00A3073D /* BetterRailWidget */,
				C1B1213F276202130085C269 /* StationIntent */,
				83CBBA001A601CBA00E9B192 /* Products */,
				2D16E6871FA4F8E400B85C8A /* Frameworks */,
				71ED362ACEA45F9F60DCD285 /* Pods */,
				D6A8C2445E5D42FA8F96D59C /* Resources */,
			);
			indentWidth = 2;
			sourceTree = "<group>";
			tabWidth = 2;
			usesTabs = 0;
		};
		83CBBA001A601CBA00E9B192 /* Products */ = {
			isa = PBXGroup;
			children = (
				13B07F961A680F5B00A75B9A /* BetterRail.app */,
				00E356EE1AD99517003FC87E /* BetterRailTests.xctest */,
				C17FA4B72709EFBB003797D9 /* WatchBetterRail.app */,
				C17FA4C02709EFBB003797D9 /* WatchBetterRail Extension.appex */,
				C1A802602747AB4D00A3073D /* BetterRailWidgetExtension.appex */,
				C1B1213C276202130085C269 /* StationIntent.appex */,
			);
			name = Products;
			sourceTree = "<group>";
		};
		C17FA4B82709EFBB003797D9 /* WatchBetterRail */ = {
			isa = PBXGroup;
			children = (
				C17FA4B92709EFBB003797D9 /* Assets.xcassets */,
				C17FA4BB2709EFBB003797D9 /* Info.plist */,
			);
			path = WatchBetterRail;
			sourceTree = "<group>";
		};
		C17FA4C42709EFBB003797D9 /* WatchBetterRail Extension */ = {
			isa = PBXGroup;
			children = (
				C1F61C242709F09B00CD3D44 /* Assets.xcassets */,
				C1F61BFF2709F08200CD3D44 /* Views */,
				C1F61BFC2709F08200CD3D44 /* ViewModels */,
				C1F61C072709F08200CD3D44 /* Models */,
				C1F61C0C2709F08200CD3D44 /* stationsData.json */,
				C1F61C062709F08200CD3D44 /* WatchBetterRail.swift */,
				C17FA4D02709EFBC003797D9 /* Info.plist */,
			);
			path = "WatchBetterRail Extension";
			sourceTree = "<group>";
		};
		C1832298270DF47700A44771 /* Shared */ = {
			isa = PBXGroup;
			children = (
				C1832299270DF49100A44771 /* StationImageBackground.swift */,
			);
			path = Shared;
			sourceTree = "<group>";
		};
		C1A802652747AB4D00A3073D /* BetterRailWidget */ = {
			isa = PBXGroup;
			children = (
				C1B121332761FF7F0085C269 /* Views */,
				C1B121312761FF100085C269 /* SnapshotData.swift */,
				C1B1212E2761FEBC0085C269 /* Models */,
				C1A802662747AB4D00A3073D /* BetterRailWidget.swift */,
				C1A802682747AB4D00A3073D /* Assets.xcassets */,
				C1A8026A2747AB4D00A3073D /* Info.plist */,
				C1B121282761FD7E0085C269 /* Extensions.swift */,
				C1B1212A2761FDA60085C269 /* EntriesGenerator.swift */,
				C1F7C89327627A60002A417F /* Route.intentdefinition */,
			);
			path = BetterRailWidget;
			sourceTree = "<group>";
		};
		C1B1212E2761FEBC0085C269 /* Models */ = {
			isa = PBXGroup;
			children = (
				C1C6DC4F27493A56000E9EED /* TrainDetail.swift */,
			);
			path = Models;
			sourceTree = "<group>";
		};
		C1B121332761FF7F0085C269 /* Views */ = {
			isa = PBXGroup;
			children = (
				C1C6DC4A274939C1000E9EED /* WidgetEntryView.swift */,
				C1B121342761FF900085C269 /* WidgetBackground.swift */,
				C1C6DC4D274939D9000E9EED /* WidgetRouteView.swift */,
				C102DF9D2764FD6600A756B6 /* WidgetLargeScheduleView.swift */,
			);
			path = Views;
			sourceTree = "<group>";
		};
		C1B1213F276202130085C269 /* StationIntent */ = {
			isa = PBXGroup;
			children = (
				C1B12153276241A30085C269 /* StationIntentDebug.entitlements */,
				C1B12151276236010085C269 /* StationIntentRelease.entitlements */,
				C1B12140276202130085C269 /* IntentHandler.swift */,
				C1B12142276202130085C269 /* Info.plist */,
			);
			path = StationIntent;
			sourceTree = "<group>";
		};
		C1E62DD6270EE2330067F262 /* TrainDetailsViews */ = {
			isa = PBXGroup;
			children = (
				C1326197270C887900A248BA /* TrainDetailsView.swift */,
				C1E62DD7270EE24C0067F262 /* StationListItem.swift */,
				C1E62DD9270EE2690067F262 /* TrainStopListItem.swift */,
				C1E62DDB270EE28B0067F262 /* TrainExchangeListItem.swift */,
			);
			path = TrainDetailsViews;
			sourceTree = "<group>";
		};
		C1F61BFC2709F08200CD3D44 /* ViewModels */ = {
			isa = PBXGroup;
			children = (
				C1F61BFD2709F08200CD3D44 /* FavoritesViewModel.swift */,
				C1F61BFE2709F08200CD3D44 /* RouteViewModel.swift */,
			);
			path = ViewModels;
			sourceTree = "<group>";
		};
		C1F61BFF2709F08200CD3D44 /* Views */ = {
			isa = PBXGroup;
			children = (
				C1832298270DF47700A44771 /* Shared */,
				C1E62DD6270EE2330067F262 /* TrainDetailsViews */,
				C1F61C002709F08200CD3D44 /* FavoritesView.swift */,
				C1F61C012709F08200CD3D44 /* RoutesView.swift */,
				C1F61C022709F08200CD3D44 /* FavoriteItemView.swift */,
			);
			path = Views;
			sourceTree = "<group>";
		};
		C1F61C072709F08200CD3D44 /* Models */ = {
			isa = PBXGroup;
			children = (
				C1F61C082709F08200CD3D44 /* StationModel.swift */,
				C1F61C092709F08200CD3D44 /* RouteModel.swift */,
				C1ED5217270B248C00EBB0B1 /* FavoritesModel.swift */,
			);
			path = Models;
			sourceTree = "<group>";
		};
		D6A8C2445E5D42FA8F96D59C /* Resources */ = {
			isa = PBXGroup;
			children = (
				62AD955938654791888FAB90 /* Heebo-Black.otf */,
				E3C07A94FCDB4698B4A058EB /* Heebo-Bold.otf */,
				AF4431C692CA4F7D8DC013BE /* Heebo-ExtraBold.otf */,
				A047FB8FBCA54556AEDB349D /* Heebo-Light.otf */,
				A2759849ACE84A51AA1EC58E /* Heebo-Medium.otf */,
				5B118A8459B542A2BA8C9824 /* Heebo-Regular.otf */,
				A70BF4419AFA46D2B69352A3 /* Heebo-Thin.otf */,
			);
			name = Resources;
			sourceTree = "<group>";
		};
/* End PBXGroup section */

/* Begin PBXNativeTarget section */
		00E356ED1AD99517003FC87E /* BetterRailTests */ = {
			isa = PBXNativeTarget;
			buildConfigurationList = 00E357021AD99517003FC87E /* Build configuration list for PBXNativeTarget "BetterRailTests" */;
			buildPhases = (
				75D44895A78C50A8A06C0C98 /* [CP] Check Pods Manifest.lock */,
				00E356EA1AD99517003FC87E /* Sources */,
				00E356EB1AD99517003FC87E /* Frameworks */,
				00E356EC1AD99517003FC87E /* Resources */,
				3263BDC2CA9A32AB0D64FA72 /* [CP] Embed Pods Frameworks */,
				7523253DD5C4AFAFBF07EC99 /* [CP] Copy Pods Resources */,
			);
			buildRules = (
			);
			dependencies = (
				00E356F51AD99517003FC87E /* PBXTargetDependency */,
			);
			name = BetterRailTests;
			productName = BetterRailTests;
			productReference = 00E356EE1AD99517003FC87E /* BetterRailTests.xctest */;
			productType = "com.apple.product-type.bundle.unit-test";
		};
		13B07F861A680F5B00A75B9A /* BetterRail */ = {
			isa = PBXNativeTarget;
			buildConfigurationList = 13B07F931A680F5B00A75B9A /* Build configuration list for PBXNativeTarget "BetterRail" */;
			buildPhases = (
				30DE6AF30AEA8256AD378B27 /* [CP] Check Pods Manifest.lock */,
				FD10A7F022414F080027D42C /* Start Packager */,
				13B07F871A680F5B00A75B9A /* Sources */,
				13B07F8C1A680F5B00A75B9A /* Frameworks */,
				13B07F8E1A680F5B00A75B9A /* Resources */,
				00DD1BFF1BD5951E006B06BC /* Bundle React Native code and images */,
				C17FA4D42709EFBC003797D9 /* Embed Watch Content */,
				C1A8026E2747AB4D00A3073D /* Embed App Extensions */,
				774A412A999A4F63ED98703F /* [CP] Embed Pods Frameworks */,
				15C04EB5D3B55BDD1DE4ACC0 /* [CP] Copy Pods Resources */,
			);
			buildRules = (
			);
			dependencies = (
				C17FA4D22709EFBC003797D9 /* PBXTargetDependency */,
				C1A8026C2747AB4D00A3073D /* PBXTargetDependency */,
				C1B12144276202130085C269 /* PBXTargetDependency */,
			);
			name = BetterRail;
			productName = BetterRail;
			productReference = 13B07F961A680F5B00A75B9A /* BetterRail.app */;
			productType = "com.apple.product-type.application";
		};
		C17FA4B62709EFBB003797D9 /* WatchBetterRail */ = {
			isa = PBXNativeTarget;
			buildConfigurationList = C17FA4DB2709EFBC003797D9 /* Build configuration list for PBXNativeTarget "WatchBetterRail" */;
			buildPhases = (
				C17FA4B52709EFBB003797D9 /* Resources */,
				C17FA4D72709EFBC003797D9 /* Embed App Extensions */,
				5ADD2F5D367465AA26E9276A /* Frameworks */,
			);
			buildRules = (
			);
			dependencies = (
				C17FA4C32709EFBB003797D9 /* PBXTargetDependency */,
			);
			name = WatchBetterRail;
			productName = WatchBetterRail;
			productReference = C17FA4B72709EFBB003797D9 /* WatchBetterRail.app */;
			productType = "com.apple.product-type.application.watchapp2";
		};
		C17FA4BF2709EFBB003797D9 /* WatchBetterRail Extension */ = {
			isa = PBXNativeTarget;
			buildConfigurationList = C17FA4DA2709EFBC003797D9 /* Build configuration list for PBXNativeTarget "WatchBetterRail Extension" */;
			buildPhases = (
				C17FA4BC2709EFBB003797D9 /* Sources */,
				C17FA4BD2709EFBB003797D9 /* Frameworks */,
				C17FA4BE2709EFBB003797D9 /* Resources */,
			);
			buildRules = (
			);
			dependencies = (
			);
			name = "WatchBetterRail Extension";
			productName = "WatchBetterRail Extension";
			productReference = C17FA4C02709EFBB003797D9 /* WatchBetterRail Extension.appex */;
			productType = "com.apple.product-type.watchkit2-extension";
		};
		C1A8025F2747AB4D00A3073D /* BetterRailWidgetExtension */ = {
			isa = PBXNativeTarget;
			buildConfigurationList = C1A802712747AB4D00A3073D /* Build configuration list for PBXNativeTarget "BetterRailWidgetExtension" */;
			buildPhases = (
				C1A8025C2747AB4D00A3073D /* Sources */,
				C1A8025D2747AB4D00A3073D /* Frameworks */,
				C1A8025E2747AB4D00A3073D /* Resources */,
			);
			buildRules = (
			);
			dependencies = (
			);
			name = BetterRailWidgetExtension;
			productName = BetterRailWidgetExtension;
			productReference = C1A802602747AB4D00A3073D /* BetterRailWidgetExtension.appex */;
			productType = "com.apple.product-type.app-extension";
		};
		C1B1213B276202130085C269 /* StationIntent */ = {
			isa = PBXNativeTarget;
			buildConfigurationList = C1B12146276202130085C269 /* Build configuration list for PBXNativeTarget "StationIntent" */;
			buildPhases = (
				C1B12138276202130085C269 /* Sources */,
				C1B12139276202130085C269 /* Frameworks */,
				C1B1213A276202130085C269 /* Resources */,
			);
			buildRules = (
			);
			dependencies = (
			);
			name = StationIntent;
			productName = StationIntent;
			productReference = C1B1213C276202130085C269 /* StationIntent.appex */;
			productType = "com.apple.product-type.app-extension";
		};
/* End PBXNativeTarget section */

/* Begin PBXProject section */
		83CBB9F71A601CBA00E9B192 /* Project object */ = {
			isa = PBXProject;
			attributes = {
				LastSwiftUpdateCheck = 1250;
				LastUpgradeCheck = 1130;
				TargetAttributes = {
					00E356ED1AD99517003FC87E = {
						CreatedOnToolsVersion = 6.2;
						TestTargetID = 13B07F861A680F5B00A75B9A;
					};
					13B07F861A680F5B00A75B9A = {
						DevelopmentTeam = UE6BVYPPFX;
						LastSwiftMigration = 1240;
					};
					C17FA4B62709EFBB003797D9 = {
						CreatedOnToolsVersion = 12.5;
						DevelopmentTeam = UE6BVYPPFX;
						ProvisioningStyle = Automatic;
					};
					C17FA4BF2709EFBB003797D9 = {
						CreatedOnToolsVersion = 12.5;
						DevelopmentTeam = UE6BVYPPFX;
						ProvisioningStyle = Automatic;
					};
					C1A8025F2747AB4D00A3073D = {
						CreatedOnToolsVersion = 12.5;
						DevelopmentTeam = UE6BVYPPFX;
						ProvisioningStyle = Automatic;
					};
					C1B1213B276202130085C269 = {
						CreatedOnToolsVersion = 12.5;
						DevelopmentTeam = UE6BVYPPFX;
						ProvisioningStyle = Automatic;
					};
				};
			};
			buildConfigurationList = 83CBB9FA1A601CBA00E9B192 /* Build configuration list for PBXProject "BetterRail" */;
			compatibilityVersion = "Xcode 3.2";
			developmentRegion = en;
			hasScannedForEncodings = 0;
			knownRegions = (
				he,
				en,
				ar,
				Base,
				ru,
			);
			mainGroup = 83CBB9F61A601CBA00E9B192;
			productRefGroup = 83CBBA001A601CBA00E9B192 /* Products */;
			projectDirPath = "";
			projectRoot = "";
			targets = (
				13B07F861A680F5B00A75B9A /* BetterRail */,
				00E356ED1AD99517003FC87E /* BetterRailTests */,
				C17FA4B62709EFBB003797D9 /* WatchBetterRail */,
				C17FA4BF2709EFBB003797D9 /* WatchBetterRail Extension */,
				C1A8025F2747AB4D00A3073D /* BetterRailWidgetExtension */,
				C1B1213B276202130085C269 /* StationIntent */,
			);
		};
/* End PBXProject section */

/* Begin PBXResourcesBuildPhase section */
		00E356EC1AD99517003FC87E /* Resources */ = {
			isa = PBXResourcesBuildPhase;
			buildActionMask = 2147483647;
			files = (
			);
			runOnlyForDeploymentPostprocessing = 0;
		};
		13B07F8E1A680F5B00A75B9A /* Resources */ = {
			isa = PBXResourcesBuildPhase;
			buildActionMask = 2147483647;
			files = (
				C15DA0682763ABF100A24EF3 /* stationsData.json in Resources */,
				81AB9BB82411601600AC10FF /* LaunchScreen.storyboard in Resources */,
				13B07FBF1A68108700A75B9A /* Images.xcassets in Resources */,
				C1B1214E276225C50085C269 /* Localizable.strings in Resources */,
				73244C6A71D14F56B7316FA2 /* Heebo-Black.otf in Resources */,
				02ED03C656594967A0656417 /* Heebo-Bold.otf in Resources */,
				C1C6DC5B27493C56000E9EED /* Assets.xcassets in Resources */,
				5EFC395D238C4D2ABEF902D0 /* Heebo-ExtraBold.otf in Resources */,
				DA04D16B7E3649A49F843A15 /* Heebo-Light.otf in Resources */,
				3948B514A79C47EFBFC7D1B2 /* Heebo-Medium.otf in Resources */,
				2CC766CDFD19431C8786B99E /* Heebo-Regular.otf in Resources */,
				EB148A208318438E9A4B4B99 /* Heebo-Thin.otf in Resources */,
			);
			runOnlyForDeploymentPostprocessing = 0;
		};
		C17FA4B52709EFBB003797D9 /* Resources */ = {
			isa = PBXResourcesBuildPhase;
			buildActionMask = 2147483647;
			files = (
				C1F29D39270B31D5009B953E /* Heebo-Bold.otf in Resources */,
				C1F29D37270B31D5009B953E /* Heebo-Regular.otf in Resources */,
				C1F29D34270B31D5009B953E /* Heebo-Medium.otf in Resources */,
				C17FA4BA2709EFBB003797D9 /* Assets.xcassets in Resources */,
			);
			runOnlyForDeploymentPostprocessing = 0;
		};
		C17FA4BE2709EFBB003797D9 /* Resources */ = {
			isa = PBXResourcesBuildPhase;
			buildActionMask = 2147483647;
			files = (
				C1F61C1F2709F08200CD3D44 /* stationsData.json in Resources */,
				C1B3FCF3271EEFFA000F33AE /* Localizable.strings in Resources */,
				C1F29D28270B2D31009B953E /* Heebo-Bold.otf in Resources */,
				C1F61C252709F09B00CD3D44 /* Assets.xcassets in Resources */,
				C1F29D2C270B2D31009B953E /* Heebo-Medium.otf in Resources */,
				C1F29D29270B2D31009B953E /* Heebo-Regular.otf in Resources */,
			);
			runOnlyForDeploymentPostprocessing = 0;
		};
		C1A8025E2747AB4D00A3073D /* Resources */ = {
			isa = PBXResourcesBuildPhase;
			buildActionMask = 2147483647;
			files = (
				C1B1214B2762035B0085C269 /* stationsData.json in Resources */,
				C1B1214F276225C60085C269 /* Localizable.strings in Resources */,
				C1C6DC5927493C51000E9EED /* Assets.xcassets in Resources */,
				C1A802692747AB4D00A3073D /* Assets.xcassets in Resources */,
			);
			runOnlyForDeploymentPostprocessing = 0;
		};
		C1B1213A276202130085C269 /* Resources */ = {
			isa = PBXResourcesBuildPhase;
			buildActionMask = 2147483647;
			files = (
				C1B1214C2762035B0085C269 /* stationsData.json in Resources */,
			);
			runOnlyForDeploymentPostprocessing = 0;
		};
/* End PBXResourcesBuildPhase section */

/* Begin PBXShellScriptBuildPhase section */
		00DD1BFF1BD5951E006B06BC /* Bundle React Native code and images */ = {
			isa = PBXShellScriptBuildPhase;
			buildActionMask = 2147483647;
			files = (
			);
			inputPaths = (
			);
			name = "Bundle React Native code and images";
			outputPaths = (
			);
			runOnlyForDeploymentPostprocessing = 0;
			shellPath = /bin/sh;
			shellScript = "export NODE_BINARY=node\n../node_modules/react-native/scripts/react-native-xcode.sh";
		};
		15C04EB5D3B55BDD1DE4ACC0 /* [CP] Copy Pods Resources */ = {
			isa = PBXShellScriptBuildPhase;
			buildActionMask = 2147483647;
			files = (
			);
			inputPaths = (
				"${PODS_ROOT}/Target Support Files/Pods-BetterRail/Pods-BetterRail-resources.sh",
				"${PODS_CONFIGURATION_BUILD_DIR}/React-Core/AccessibilityResources.bundle",
				"${PODS_CONFIGURATION_BUILD_DIR}/ToastHybrid/ToastHybrid.bundle",
			);
			name = "[CP] Copy Pods Resources";
			outputPaths = (
				"${TARGET_BUILD_DIR}/${UNLOCALIZED_RESOURCES_FOLDER_PATH}/AccessibilityResources.bundle",
				"${TARGET_BUILD_DIR}/${UNLOCALIZED_RESOURCES_FOLDER_PATH}/ToastHybrid.bundle",
			);
			runOnlyForDeploymentPostprocessing = 0;
			shellPath = /bin/sh;
			shellScript = "\"${PODS_ROOT}/Target Support Files/Pods-BetterRail/Pods-BetterRail-resources.sh\"\n";
			showEnvVarsInLog = 0;
		};
		30DE6AF30AEA8256AD378B27 /* [CP] Check Pods Manifest.lock */ = {
			isa = PBXShellScriptBuildPhase;
			buildActionMask = 2147483647;
			files = (
			);
			inputFileListPaths = (
			);
			inputPaths = (
				"${PODS_PODFILE_DIR_PATH}/Podfile.lock",
				"${PODS_ROOT}/Manifest.lock",
			);
			name = "[CP] Check Pods Manifest.lock";
			outputFileListPaths = (
			);
			outputPaths = (
				"$(DERIVED_FILE_DIR)/Pods-BetterRail-checkManifestLockResult.txt",
			);
			runOnlyForDeploymentPostprocessing = 0;
			shellPath = /bin/sh;
			shellScript = "diff \"${PODS_PODFILE_DIR_PATH}/Podfile.lock\" \"${PODS_ROOT}/Manifest.lock\" > /dev/null\nif [ $? != 0 ] ; then\n    # print error to STDERR\n    echo \"error: The sandbox is not in sync with the Podfile.lock. Run 'pod install' or update your CocoaPods installation.\" >&2\n    exit 1\nfi\n# This output is used by Xcode 'outputs' to avoid re-running this script phase.\necho \"SUCCESS\" > \"${SCRIPT_OUTPUT_FILE_0}\"\n";
			showEnvVarsInLog = 0;
		};
		3263BDC2CA9A32AB0D64FA72 /* [CP] Embed Pods Frameworks */ = {
			isa = PBXShellScriptBuildPhase;
			buildActionMask = 2147483647;
			files = (
			);
			inputPaths = (
				"${PODS_ROOT}/Target Support Files/Pods-BetterRail-BetterRailTests/Pods-BetterRail-BetterRailTests-frameworks.sh",
				"${PODS_XCFRAMEWORKS_BUILD_DIR}/Flipper-DoubleConversion/double-conversion.framework/double-conversion",
				"${PODS_XCFRAMEWORKS_BUILD_DIR}/OpenSSL-Universal/OpenSSL.framework/OpenSSL",
				"${PODS_XCFRAMEWORKS_BUILD_DIR}/hermes-engine/hermes.framework/hermes",
			);
			name = "[CP] Embed Pods Frameworks";
			outputPaths = (
				"${TARGET_BUILD_DIR}/${FRAMEWORKS_FOLDER_PATH}/double-conversion.framework",
				"${TARGET_BUILD_DIR}/${FRAMEWORKS_FOLDER_PATH}/OpenSSL.framework",
				"${TARGET_BUILD_DIR}/${FRAMEWORKS_FOLDER_PATH}/hermes.framework",
			);
			runOnlyForDeploymentPostprocessing = 0;
			shellPath = /bin/sh;
			shellScript = "\"${PODS_ROOT}/Target Support Files/Pods-BetterRail-BetterRailTests/Pods-BetterRail-BetterRailTests-frameworks.sh\"\n";
			showEnvVarsInLog = 0;
		};
		7523253DD5C4AFAFBF07EC99 /* [CP] Copy Pods Resources */ = {
			isa = PBXShellScriptBuildPhase;
			buildActionMask = 2147483647;
			files = (
			);
			inputPaths = (
				"${PODS_ROOT}/Target Support Files/Pods-BetterRail-BetterRailTests/Pods-BetterRail-BetterRailTests-resources.sh",
				"${PODS_CONFIGURATION_BUILD_DIR}/React-Core/AccessibilityResources.bundle",
				"${PODS_CONFIGURATION_BUILD_DIR}/ToastHybrid/ToastHybrid.bundle",
			);
			name = "[CP] Copy Pods Resources";
			outputPaths = (
				"${TARGET_BUILD_DIR}/${UNLOCALIZED_RESOURCES_FOLDER_PATH}/AccessibilityResources.bundle",
				"${TARGET_BUILD_DIR}/${UNLOCALIZED_RESOURCES_FOLDER_PATH}/ToastHybrid.bundle",
			);
			runOnlyForDeploymentPostprocessing = 0;
			shellPath = /bin/sh;
			shellScript = "\"${PODS_ROOT}/Target Support Files/Pods-BetterRail-BetterRailTests/Pods-BetterRail-BetterRailTests-resources.sh\"\n";
			showEnvVarsInLog = 0;
		};
		75D44895A78C50A8A06C0C98 /* [CP] Check Pods Manifest.lock */ = {
			isa = PBXShellScriptBuildPhase;
			buildActionMask = 2147483647;
			files = (
			);
			inputFileListPaths = (
			);
			inputPaths = (
				"${PODS_PODFILE_DIR_PATH}/Podfile.lock",
				"${PODS_ROOT}/Manifest.lock",
			);
			name = "[CP] Check Pods Manifest.lock";
			outputFileListPaths = (
			);
			outputPaths = (
				"$(DERIVED_FILE_DIR)/Pods-BetterRail-BetterRailTests-checkManifestLockResult.txt",
			);
			runOnlyForDeploymentPostprocessing = 0;
			shellPath = /bin/sh;
			shellScript = "diff \"${PODS_PODFILE_DIR_PATH}/Podfile.lock\" \"${PODS_ROOT}/Manifest.lock\" > /dev/null\nif [ $? != 0 ] ; then\n    # print error to STDERR\n    echo \"error: The sandbox is not in sync with the Podfile.lock. Run 'pod install' or update your CocoaPods installation.\" >&2\n    exit 1\nfi\n# This output is used by Xcode 'outputs' to avoid re-running this script phase.\necho \"SUCCESS\" > \"${SCRIPT_OUTPUT_FILE_0}\"\n";
			showEnvVarsInLog = 0;
		};
		774A412A999A4F63ED98703F /* [CP] Embed Pods Frameworks */ = {
			isa = PBXShellScriptBuildPhase;
			buildActionMask = 2147483647;
			files = (
			);
			inputPaths = (
				"${PODS_ROOT}/Target Support Files/Pods-BetterRail/Pods-BetterRail-frameworks.sh",
				"${PODS_XCFRAMEWORKS_BUILD_DIR}/Flipper-DoubleConversion/double-conversion.framework/double-conversion",
				"${PODS_XCFRAMEWORKS_BUILD_DIR}/OpenSSL-Universal/OpenSSL.framework/OpenSSL",
				"${PODS_XCFRAMEWORKS_BUILD_DIR}/hermes-engine/hermes.framework/hermes",
			);
			name = "[CP] Embed Pods Frameworks";
			outputPaths = (
				"${TARGET_BUILD_DIR}/${FRAMEWORKS_FOLDER_PATH}/double-conversion.framework",
				"${TARGET_BUILD_DIR}/${FRAMEWORKS_FOLDER_PATH}/OpenSSL.framework",
				"${TARGET_BUILD_DIR}/${FRAMEWORKS_FOLDER_PATH}/hermes.framework",
			);
			runOnlyForDeploymentPostprocessing = 0;
			shellPath = /bin/sh;
			shellScript = "\"${PODS_ROOT}/Target Support Files/Pods-BetterRail/Pods-BetterRail-frameworks.sh\"\n";
			showEnvVarsInLog = 0;
		};
		FD10A7F022414F080027D42C /* Start Packager */ = {
			isa = PBXShellScriptBuildPhase;
			buildActionMask = 2147483647;
			files = (
			);
			inputFileListPaths = (
			);
			inputPaths = (
			);
			name = "Start Packager";
			outputFileListPaths = (
			);
			outputPaths = (
			);
			runOnlyForDeploymentPostprocessing = 0;
			shellPath = /bin/sh;
			shellScript = "export RCT_METRO_PORT=\"${RCT_METRO_PORT:=8081}\"\necho \"export RCT_METRO_PORT=${RCT_METRO_PORT}\" > \"${SRCROOT}/../node_modules/react-native/scripts/.packager.env\"\nif [ -z \"${RCT_NO_LAUNCH_PACKAGER+xxx}\" ] ; then\n  if nc -w 5 -z localhost ${RCT_METRO_PORT} ; then\n    if ! curl -s \"http://localhost:${RCT_METRO_PORT}/status\" | grep -q \"packager-status:running\" ; then\n      echo \"Port ${RCT_METRO_PORT} already in use, packager is either not running or not running correctly\"\n      exit 2\n    fi\n  else\n    open \"$SRCROOT/../node_modules/react-native/scripts/launchPackager.command\" || echo \"Can't start packager automatically\"\n  fi\nfi\n";
			showEnvVarsInLog = 0;
		};
/* End PBXShellScriptBuildPhase section */

/* Begin PBXSourcesBuildPhase section */
		00E356EA1AD99517003FC87E /* Sources */ = {
			isa = PBXSourcesBuildPhase;
			buildActionMask = 2147483647;
			files = (
				00E356F31AD99517003FC87E /* BetterRailTests.m in Sources */,
			);
			runOnlyForDeploymentPostprocessing = 0;
		};
		13B07F871A680F5B00A75B9A /* Sources */ = {
			isa = PBXSourcesBuildPhase;
			buildActionMask = 2147483647;
			files = (
				C14F313426331361002A01D7 /* Swifty.swift in Sources */,
				C1C6DC5527493AA1000E9EED /* Utilities.swift in Sources */,
				13B07FBC1A68108700A75B9A /* AppDelegate.m in Sources */,
				C1C6DC5227493A98000E9EED /* RouteModel.swift in Sources */,
				C15DA0672763A8EB00A24EF3 /* Route.intentdefinition in Sources */,
				C1C6DC5827493BC5000E9EED /* TrainDetail.swift in Sources */,
				C1C6DC5327493A9C000E9EED /* StationModel.swift in Sources */,
				13B07FC11A68108700A75B9A /* main.m in Sources */,
				C1286B55275E6D9D00E1E05D /* RNBetterRail.m in Sources */,
				C1B93927276E1EF700482B62 /* Extensions.swift in Sources */,
				C1286B51275E6C8300E1E05D /* RNBetterRail.swift in Sources */,
			);
			runOnlyForDeploymentPostprocessing = 0;
		};
		C17FA4BC2709EFBB003797D9 /* Sources */ = {
			isa = PBXSourcesBuildPhase;
			buildActionMask = 2147483647;
			files = (
				C1F61C152709F08200CD3D44 /* RoutesView.swift in Sources */,
				C1F61C162709F08200CD3D44 /* FavoriteItemView.swift in Sources */,
				C1F61C142709F08200CD3D44 /* FavoritesView.swift in Sources */,
				C1B121262761FD250085C269 /* Utilities.swift in Sources */,
				C1ED5218270B248C00EBB0B1 /* FavoritesModel.swift in Sources */,
				C1E62DD8270EE24C0067F262 /* StationListItem.swift in Sources */,
				C1F61C1C2709F08200CD3D44 /* RouteModel.swift in Sources */,
				C1F61C132709F08200CD3D44 /* RouteViewModel.swift in Sources */,
				C1E62DDC270EE28B0067F262 /* TrainExchangeListItem.swift in Sources */,
				C1F61C1A2709F08200CD3D44 /* WatchBetterRail.swift in Sources */,
				C183229A270DF49100A44771 /* StationImageBackground.swift in Sources */,
				C1B93926276E1C1200482B62 /* Extensions.swift in Sources */,
				C1F61C122709F08200CD3D44 /* FavoritesViewModel.swift in Sources */,
				C1E62DDA270EE2690067F262 /* TrainStopListItem.swift in Sources */,
				C1F61C1B2709F08200CD3D44 /* StationModel.swift in Sources */,
				C1326198270C887900A248BA /* TrainDetailsView.swift in Sources */,
			);
			runOnlyForDeploymentPostprocessing = 0;
		};
		C1A8025C2747AB4D00A3073D /* Sources */ = {
			isa = PBXSourcesBuildPhase;
			buildActionMask = 2147483647;
			files = (
				C1C6DC4E274939D9000E9EED /* WidgetRouteView.swift in Sources */,
				C1C6DC5027493A56000E9EED /* TrainDetail.swift in Sources */,
				C1F7C89027627A60002A417F /* Route.intentdefinition in Sources */,
				C1B121272761FD260085C269 /* Utilities.swift in Sources */,
				C1B121292761FD7E0085C269 /* Extensions.swift in Sources */,
				C102DF9E2764FD6600A756B6 /* WidgetLargeScheduleView.swift in Sources */,
				C1B1212B2761FDA60085C269 /* EntriesGenerator.swift in Sources */,
				C1A802672747AB4D00A3073D /* BetterRailWidget.swift in Sources */,
				C1C6DC5127493A91000E9EED /* RouteModel.swift in Sources */,
				C1B121322761FF100085C269 /* SnapshotData.swift in Sources */,
				C1C6DC5427493A9D000E9EED /* StationModel.swift in Sources */,
				C1B121352761FF900085C269 /* WidgetBackground.swift in Sources */,
				C1C6DC4C274939C1000E9EED /* WidgetEntryView.swift in Sources */,
			);
			runOnlyForDeploymentPostprocessing = 0;
		};
		C1B12138276202130085C269 /* Sources */ = {
			isa = PBXSourcesBuildPhase;
			buildActionMask = 2147483647;
			files = (
				C1F7C89127627A60002A417F /* Route.intentdefinition in Sources */,
				C1B1214A2762034C0085C269 /* StationModel.swift in Sources */,
				C1B1214D2762036A0085C269 /* Utilities.swift in Sources */,
				C1B12141276202130085C269 /* IntentHandler.swift in Sources */,
			);
			runOnlyForDeploymentPostprocessing = 0;
		};
/* End PBXSourcesBuildPhase section */

/* Begin PBXTargetDependency section */
		00E356F51AD99517003FC87E /* PBXTargetDependency */ = {
			isa = PBXTargetDependency;
			target = 13B07F861A680F5B00A75B9A /* BetterRail */;
			targetProxy = 00E356F41AD99517003FC87E /* PBXContainerItemProxy */;
		};
		C17FA4C32709EFBB003797D9 /* PBXTargetDependency */ = {
			isa = PBXTargetDependency;
			target = C17FA4BF2709EFBB003797D9 /* WatchBetterRail Extension */;
			targetProxy = C17FA4C22709EFBB003797D9 /* PBXContainerItemProxy */;
		};
		C17FA4D22709EFBC003797D9 /* PBXTargetDependency */ = {
			isa = PBXTargetDependency;
			target = C17FA4B62709EFBB003797D9 /* WatchBetterRail */;
			targetProxy = C17FA4D12709EFBC003797D9 /* PBXContainerItemProxy */;
		};
		C1A8026C2747AB4D00A3073D /* PBXTargetDependency */ = {
			isa = PBXTargetDependency;
			target = C1A8025F2747AB4D00A3073D /* BetterRailWidgetExtension */;
			targetProxy = C1A8026B2747AB4D00A3073D /* PBXContainerItemProxy */;
		};
		C1B12144276202130085C269 /* PBXTargetDependency */ = {
			isa = PBXTargetDependency;
			target = C1B1213B276202130085C269 /* StationIntent */;
			targetProxy = C1B12143276202130085C269 /* PBXContainerItemProxy */;
		};
/* End PBXTargetDependency section */

/* Begin PBXVariantGroup section */
		C1B3FCF5271EEFFA000F33AE /* Localizable.strings */ = {
			isa = PBXVariantGroup;
			children = (
				C1B3FCF4271EEFFA000F33AE /* en */,
				C1B3FCF6271EEFFD000F33AE /* he */,
				C1B3FCF7271F25AA000F33AE /* ar */,
				C1E436A627D5109200E72280 /* ru */,
			);
			name = Localizable.strings;
			sourceTree = "<group>";
		};
		C1F7C89327627A60002A417F /* Route.intentdefinition */ = {
			isa = PBXVariantGroup;
			children = (
				C1F7C89527627B5E002A417F /* Base */,
				C1F7C89927627BCC002A417F /* ar */,
				C15DA06A2763AD2800A24EF3 /* he */,
				C1640A0827D510E400DEDB01 /* ru */,
			);
			name = Route.intentdefinition;
			sourceTree = "<group>";
		};
/* End PBXVariantGroup section */

/* Begin XCBuildConfiguration section */
		00E356F61AD99517003FC87E /* Debug */ = {
			isa = XCBuildConfiguration;
			baseConfigurationReference = D4783C31AABD7321A40B9182 /* Pods-BetterRail-BetterRailTests.debug.xcconfig */;
			buildSettings = {
				ALWAYS_EMBED_SWIFT_STANDARD_LIBRARIES = YES;
				BUNDLE_LOADER = "$(TEST_HOST)";
				GCC_PREPROCESSOR_DEFINITIONS = (
					"DEBUG=1",
					"$(inherited)",
				);
				INFOPLIST_FILE = BetterRailTests/Info.plist;
				IPHONEOS_DEPLOYMENT_TARGET = 10.0;
				LD_RUNPATH_SEARCH_PATHS = "$(inherited) @executable_path/Frameworks @loader_path/Frameworks";
				OTHER_LDFLAGS = (
					"-ObjC",
					"-lc++",
					"$(inherited)",
				);
				PRODUCT_BUNDLE_IDENTIFIER = "org.reactjs.native.example.$(PRODUCT_NAME:rfc1034identifier)";
				PRODUCT_NAME = "$(TARGET_NAME)";
				TEST_HOST = "$(BUILT_PRODUCTS_DIR)/BetterRail.app/BetterRail";
			};
			name = Debug;
		};
		00E356F71AD99517003FC87E /* Release */ = {
			isa = XCBuildConfiguration;
			baseConfigurationReference = 9AD76AB3D8A9CCF536567F1E /* Pods-BetterRail-BetterRailTests.release.xcconfig */;
			buildSettings = {
				ALWAYS_EMBED_SWIFT_STANDARD_LIBRARIES = YES;
				BUNDLE_LOADER = "$(TEST_HOST)";
				COPY_PHASE_STRIP = NO;
				INFOPLIST_FILE = BetterRailTests/Info.plist;
				IPHONEOS_DEPLOYMENT_TARGET = 10.0;
				LD_RUNPATH_SEARCH_PATHS = "$(inherited) @executable_path/Frameworks @loader_path/Frameworks";
				OTHER_LDFLAGS = (
					"-ObjC",
					"-lc++",
					"$(inherited)",
				);
				PRODUCT_BUNDLE_IDENTIFIER = "org.reactjs.native.example.$(PRODUCT_NAME:rfc1034identifier)";
				PRODUCT_NAME = "$(TARGET_NAME)";
				TEST_HOST = "$(BUILT_PRODUCTS_DIR)/BetterRail.app/BetterRail";
			};
			name = Release;
		};
		13B07F941A680F5B00A75B9A /* Debug */ = {
			isa = XCBuildConfiguration;
			baseConfigurationReference = 6843AC57DE947CFFF5B149E8 /* Pods-BetterRail.debug.xcconfig */;
			buildSettings = {
				ALWAYS_EMBED_SWIFT_STANDARD_LIBRARIES = YES;
				ASSETCATALOG_COMPILER_APPICON_NAME = AppIcon;
				CLANG_ENABLE_MODULES = YES;
				CODE_SIGN_ENTITLEMENTS = BetterRail/BetterRailDebug.entitlements;
				CURRENT_PROJECT_VERSION = 11;
				DEVELOPMENT_TEAM = UE6BVYPPFX;
				ENABLE_BITCODE = NO;
				INFOPLIST_FILE = BetterRail/Info.plist;
				IPHONEOS_DEPLOYMENT_TARGET = 13.0;
				LD_RUNPATH_SEARCH_PATHS = "$(inherited) @executable_path/Frameworks";
				MARKETING_VERSION = 1.10.0;
				OTHER_LDFLAGS = (
					"$(inherited)",
					"-ObjC",
					"-lc++",
				);
				PRODUCT_BUNDLE_IDENTIFIER = "il.co.better-rail";
				PRODUCT_NAME = BetterRail;
				SWIFT_OBJC_BRIDGING_HEADER = "BetterRail-Bridging-Header.h";
				SWIFT_OPTIMIZATION_LEVEL = "-Onone";
				SWIFT_VERSION = 5.0;
				VERSIONING_SYSTEM = "apple-generic";
			};
			name = Debug;
		};
		13B07F951A680F5B00A75B9A /* Release */ = {
			isa = XCBuildConfiguration;
			baseConfigurationReference = 143D58B48146F74CD7165AA9 /* Pods-BetterRail.release.xcconfig */;
			buildSettings = {
				ALWAYS_EMBED_SWIFT_STANDARD_LIBRARIES = YES;
				ASSETCATALOG_COMPILER_APPICON_NAME = AppIcon;
				CLANG_ENABLE_MODULES = YES;
				CODE_SIGN_ENTITLEMENTS = BetterRail/BetterRailRelease.entitlements;
				CODE_SIGN_IDENTITY = "Apple Development";
				CODE_SIGN_STYLE = Automatic;
				CURRENT_PROJECT_VERSION = 11;
				DEVELOPMENT_TEAM = UE6BVYPPFX;
				INFOPLIST_FILE = BetterRail/Info.plist;
				IPHONEOS_DEPLOYMENT_TARGET = 13.0;
				LD_RUNPATH_SEARCH_PATHS = "$(inherited) @executable_path/Frameworks";
				MARKETING_VERSION = 1.10.0;
				OTHER_LDFLAGS = (
					"$(inherited)",
					"-ObjC",
					"-lc++",
				);
				PRODUCT_BUNDLE_IDENTIFIER = "il.co.better-rail";
				PRODUCT_NAME = BetterRail;
				PROVISIONING_PROFILE_SPECIFIER = "";
				SWIFT_OBJC_BRIDGING_HEADER = "BetterRail-Bridging-Header.h";
				SWIFT_VERSION = 5.0;
				VERSIONING_SYSTEM = "apple-generic";
			};
			name = Release;
		};
		83CBBA201A601CBA00E9B192 /* Debug */ = {
			isa = XCBuildConfiguration;
			buildSettings = {
				ALWAYS_SEARCH_USER_PATHS = NO;
				CLANG_ANALYZER_LOCALIZABILITY_NONLOCALIZED = YES;
				CLANG_CXX_LANGUAGE_STANDARD = "gnu++0x";
				CLANG_CXX_LIBRARY = "libc++";
				CLANG_ENABLE_MODULES = YES;
				CLANG_ENABLE_OBJC_ARC = YES;
				CLANG_WARN_BLOCK_CAPTURE_AUTORELEASING = YES;
				CLANG_WARN_BOOL_CONVERSION = YES;
				CLANG_WARN_COMMA = YES;
				CLANG_WARN_CONSTANT_CONVERSION = YES;
				CLANG_WARN_DEPRECATED_OBJC_IMPLEMENTATIONS = YES;
				CLANG_WARN_DIRECT_OBJC_ISA_USAGE = YES_ERROR;
				CLANG_WARN_EMPTY_BODY = YES;
				CLANG_WARN_ENUM_CONVERSION = YES;
				CLANG_WARN_INFINITE_RECURSION = YES;
				CLANG_WARN_INT_CONVERSION = YES;
				CLANG_WARN_NON_LITERAL_NULL_CONVERSION = YES;
				CLANG_WARN_OBJC_IMPLICIT_RETAIN_SELF = YES;
				CLANG_WARN_OBJC_LITERAL_CONVERSION = YES;
				CLANG_WARN_OBJC_ROOT_CLASS = YES_ERROR;
				CLANG_WARN_RANGE_LOOP_ANALYSIS = YES;
				CLANG_WARN_STRICT_PROTOTYPES = YES;
				CLANG_WARN_SUSPICIOUS_MOVE = YES;
				CLANG_WARN_UNREACHABLE_CODE = YES;
				CLANG_WARN__DUPLICATE_METHOD_MATCH = YES;
				"CODE_SIGN_IDENTITY[sdk=iphoneos*]" = "iPhone Developer";
				COPY_PHASE_STRIP = NO;
				ENABLE_STRICT_OBJC_MSGSEND = YES;
				ENABLE_TESTABILITY = YES;
				"EXCLUDED_ARCHS[sdk=iphonesimulator*]" = i386;
				GCC_C_LANGUAGE_STANDARD = gnu99;
				GCC_DYNAMIC_NO_PIC = NO;
				GCC_NO_COMMON_BLOCKS = YES;
				GCC_OPTIMIZATION_LEVEL = 0;
				GCC_PREPROCESSOR_DEFINITIONS = (
					"DEBUG=1",
					"$(inherited)",
				);
				GCC_SYMBOLS_PRIVATE_EXTERN = NO;
				GCC_WARN_64_TO_32_BIT_CONVERSION = YES;
				GCC_WARN_ABOUT_RETURN_TYPE = YES_ERROR;
				GCC_WARN_UNDECLARED_SELECTOR = YES;
				GCC_WARN_UNINITIALIZED_AUTOS = YES_AGGRESSIVE;
				GCC_WARN_UNUSED_FUNCTION = YES;
				GCC_WARN_UNUSED_VARIABLE = YES;
				IPHONEOS_DEPLOYMENT_TARGET = 13.0;
				LD_RUNPATH_SEARCH_PATHS = "/usr/lib/swift $(inherited)";
				LIBRARY_SEARCH_PATHS = (
					"\"$(TOOLCHAIN_DIR)/usr/lib/swift/$(PLATFORM_NAME)\"",
					"\"$(TOOLCHAIN_DIR)/usr/lib/swift-5.3/$(PLATFORM_NAME)\"",
					"\"$(inherited)\"",
				);
				MTL_ENABLE_DEBUG_INFO = YES;
				ONLY_ACTIVE_ARCH = YES;
				SDKROOT = iphoneos;
			};
			name = Debug;
		};
		83CBBA211A601CBA00E9B192 /* Release */ = {
			isa = XCBuildConfiguration;
			buildSettings = {
				ALWAYS_SEARCH_USER_PATHS = NO;
				CLANG_ANALYZER_LOCALIZABILITY_NONLOCALIZED = YES;
				CLANG_CXX_LANGUAGE_STANDARD = "gnu++0x";
				CLANG_CXX_LIBRARY = "libc++";
				CLANG_ENABLE_MODULES = YES;
				CLANG_ENABLE_OBJC_ARC = YES;
				CLANG_WARN_BLOCK_CAPTURE_AUTORELEASING = YES;
				CLANG_WARN_BOOL_CONVERSION = YES;
				CLANG_WARN_COMMA = YES;
				CLANG_WARN_CONSTANT_CONVERSION = YES;
				CLANG_WARN_DEPRECATED_OBJC_IMPLEMENTATIONS = YES;
				CLANG_WARN_DIRECT_OBJC_ISA_USAGE = YES_ERROR;
				CLANG_WARN_EMPTY_BODY = YES;
				CLANG_WARN_ENUM_CONVERSION = YES;
				CLANG_WARN_INFINITE_RECURSION = YES;
				CLANG_WARN_INT_CONVERSION = YES;
				CLANG_WARN_NON_LITERAL_NULL_CONVERSION = YES;
				CLANG_WARN_OBJC_IMPLICIT_RETAIN_SELF = YES;
				CLANG_WARN_OBJC_LITERAL_CONVERSION = YES;
				CLANG_WARN_OBJC_ROOT_CLASS = YES_ERROR;
				CLANG_WARN_RANGE_LOOP_ANALYSIS = YES;
				CLANG_WARN_STRICT_PROTOTYPES = YES;
				CLANG_WARN_SUSPICIOUS_MOVE = YES;
				CLANG_WARN_UNREACHABLE_CODE = YES;
				CLANG_WARN__DUPLICATE_METHOD_MATCH = YES;
				"CODE_SIGN_IDENTITY[sdk=iphoneos*]" = "iPhone Developer";
				COPY_PHASE_STRIP = YES;
				ENABLE_NS_ASSERTIONS = NO;
				ENABLE_STRICT_OBJC_MSGSEND = YES;
				"EXCLUDED_ARCHS[sdk=iphonesimulator*]" = i386;
				GCC_C_LANGUAGE_STANDARD = gnu99;
				GCC_NO_COMMON_BLOCKS = YES;
				GCC_WARN_64_TO_32_BIT_CONVERSION = YES;
				GCC_WARN_ABOUT_RETURN_TYPE = YES_ERROR;
				GCC_WARN_UNDECLARED_SELECTOR = YES;
				GCC_WARN_UNINITIALIZED_AUTOS = YES_AGGRESSIVE;
				GCC_WARN_UNUSED_FUNCTION = YES;
				GCC_WARN_UNUSED_VARIABLE = YES;
				IPHONEOS_DEPLOYMENT_TARGET = 13.0;
				LD_RUNPATH_SEARCH_PATHS = "/usr/lib/swift $(inherited)";
				LIBRARY_SEARCH_PATHS = (
					"\"$(TOOLCHAIN_DIR)/usr/lib/swift/$(PLATFORM_NAME)\"",
					"\"$(TOOLCHAIN_DIR)/usr/lib/swift-5.3/$(PLATFORM_NAME)\"",
					"\"$(inherited)\"",
				);
				MTL_ENABLE_DEBUG_INFO = NO;
				SDKROOT = iphoneos;
				VALIDATE_PRODUCT = YES;
			};
			name = Release;
		};
		C17FA4D52709EFBC003797D9 /* Debug */ = {
			isa = XCBuildConfiguration;
			buildSettings = {
				ALWAYS_EMBED_SWIFT_STANDARD_LIBRARIES = YES;
				ASSETCATALOG_COMPILER_APPICON_NAME = AppIcon;
				ASSETCATALOG_COMPILER_GLOBAL_ACCENT_COLOR_NAME = AccentColor;
				CLANG_ANALYZER_NONNULL = YES;
				CLANG_ANALYZER_NUMBER_OBJECT_CONVERSION = YES_AGGRESSIVE;
				CLANG_CXX_LANGUAGE_STANDARD = "gnu++14";
				CLANG_ENABLE_OBJC_WEAK = YES;
				CLANG_WARN_DOCUMENTATION_COMMENTS = YES;
				CLANG_WARN_QUOTED_INCLUDE_IN_FRAMEWORK_HEADER = YES;
				CLANG_WARN_UNGUARDED_AVAILABILITY = YES_AGGRESSIVE;
				CODE_SIGN_STYLE = Automatic;
				CURRENT_PROJECT_VERSION = 11;
				DEBUG_INFORMATION_FORMAT = dwarf;
				DEVELOPMENT_TEAM = UE6BVYPPFX;
				GCC_C_LANGUAGE_STANDARD = gnu11;
				IBSC_MODULE = WatchBetterRail_Extension;
				INFOPLIST_FILE = WatchBetterRail/Info.plist;
				MARKETING_VERSION = 1.10.0;
				MTL_ENABLE_DEBUG_INFO = INCLUDE_SOURCE;
				MTL_FAST_MATH = YES;
				PRODUCT_BUNDLE_IDENTIFIER = "il.co.better-rail.watchkitapp";
				PRODUCT_NAME = "$(TARGET_NAME)";
				SDKROOT = watchos;
				SKIP_INSTALL = YES;
				SWIFT_ACTIVE_COMPILATION_CONDITIONS = DEBUG;
				SWIFT_OPTIMIZATION_LEVEL = "-Onone";
				SWIFT_VERSION = 5.0;
				TARGETED_DEVICE_FAMILY = 4;
				WATCHOS_DEPLOYMENT_TARGET = 7.1;
			};
			name = Debug;
		};
		C17FA4D62709EFBC003797D9 /* Release */ = {
			isa = XCBuildConfiguration;
			buildSettings = {
				ALWAYS_EMBED_SWIFT_STANDARD_LIBRARIES = YES;
				ASSETCATALOG_COMPILER_APPICON_NAME = AppIcon;
				ASSETCATALOG_COMPILER_GLOBAL_ACCENT_COLOR_NAME = AccentColor;
				CLANG_ANALYZER_NONNULL = YES;
				CLANG_ANALYZER_NUMBER_OBJECT_CONVERSION = YES_AGGRESSIVE;
				CLANG_CXX_LANGUAGE_STANDARD = "gnu++14";
				CLANG_ENABLE_OBJC_WEAK = YES;
				CLANG_WARN_DOCUMENTATION_COMMENTS = YES;
				CLANG_WARN_QUOTED_INCLUDE_IN_FRAMEWORK_HEADER = YES;
				CLANG_WARN_UNGUARDED_AVAILABILITY = YES_AGGRESSIVE;
				CODE_SIGN_IDENTITY = "Apple Development";
				CODE_SIGN_STYLE = Automatic;
				COPY_PHASE_STRIP = NO;
				CURRENT_PROJECT_VERSION = 11;
				DEBUG_INFORMATION_FORMAT = "dwarf-with-dsym";
				DEVELOPMENT_TEAM = UE6BVYPPFX;
				GCC_C_LANGUAGE_STANDARD = gnu11;
				IBSC_MODULE = WatchBetterRail_Extension;
				INFOPLIST_FILE = WatchBetterRail/Info.plist;
				MARKETING_VERSION = 1.10.0;
				MTL_FAST_MATH = YES;
				PRODUCT_BUNDLE_IDENTIFIER = "il.co.better-rail.watchkitapp";
				PRODUCT_NAME = "$(TARGET_NAME)";
				SDKROOT = watchos;
				SKIP_INSTALL = YES;
				SWIFT_OPTIMIZATION_LEVEL = "-Owholemodule";
				SWIFT_VERSION = 5.0;
				TARGETED_DEVICE_FAMILY = 4;
				WATCHOS_DEPLOYMENT_TARGET = 7.1;
			};
			name = Release;
		};
		C17FA4D82709EFBC003797D9 /* Debug */ = {
			isa = XCBuildConfiguration;
			buildSettings = {
				ASSETCATALOG_COMPILER_COMPLICATION_NAME = Complication;
				CLANG_ANALYZER_NONNULL = YES;
				CLANG_ANALYZER_NUMBER_OBJECT_CONVERSION = YES_AGGRESSIVE;
				CLANG_CXX_LANGUAGE_STANDARD = "gnu++14";
				CLANG_ENABLE_OBJC_WEAK = YES;
				CLANG_WARN_DOCUMENTATION_COMMENTS = YES;
				CLANG_WARN_QUOTED_INCLUDE_IN_FRAMEWORK_HEADER = YES;
				CLANG_WARN_UNGUARDED_AVAILABILITY = YES_AGGRESSIVE;
				CODE_SIGN_STYLE = Automatic;
				CURRENT_PROJECT_VERSION = 11;
				DEBUG_INFORMATION_FORMAT = dwarf;
				DEVELOPMENT_TEAM = UE6BVYPPFX;
				ENABLE_PREVIEWS = YES;
				GCC_C_LANGUAGE_STANDARD = gnu11;
				INFOPLIST_FILE = "WatchBetterRail Extension/Info.plist";
				LD_RUNPATH_SEARCH_PATHS = "$(inherited) @executable_path/Frameworks @executable_path/../../Frameworks";
				MARKETING_VERSION = 1.10.0;
				MTL_ENABLE_DEBUG_INFO = INCLUDE_SOURCE;
				MTL_FAST_MATH = YES;
				PRODUCT_BUNDLE_IDENTIFIER = "il.co.better-rail.watchkitapp.watchkitextension";
				PRODUCT_NAME = "${TARGET_NAME}";
				SDKROOT = watchos;
				SKIP_INSTALL = YES;
				SWIFT_ACTIVE_COMPILATION_CONDITIONS = DEBUG;
				SWIFT_OPTIMIZATION_LEVEL = "-Onone";
				SWIFT_VERSION = 5.0;
				TARGETED_DEVICE_FAMILY = 4;
				WATCHOS_DEPLOYMENT_TARGET = 7.1;
			};
			name = Debug;
		};
		C17FA4D92709EFBC003797D9 /* Release */ = {
			isa = XCBuildConfiguration;
			buildSettings = {
				ASSETCATALOG_COMPILER_COMPLICATION_NAME = Complication;
				CLANG_ANALYZER_NONNULL = YES;
				CLANG_ANALYZER_NUMBER_OBJECT_CONVERSION = YES_AGGRESSIVE;
				CLANG_CXX_LANGUAGE_STANDARD = "gnu++14";
				CLANG_ENABLE_OBJC_WEAK = YES;
				CLANG_WARN_DOCUMENTATION_COMMENTS = YES;
				CLANG_WARN_QUOTED_INCLUDE_IN_FRAMEWORK_HEADER = YES;
				CLANG_WARN_UNGUARDED_AVAILABILITY = YES_AGGRESSIVE;
				CODE_SIGN_STYLE = Automatic;
				COPY_PHASE_STRIP = NO;
				CURRENT_PROJECT_VERSION = 11;
				DEBUG_INFORMATION_FORMAT = "dwarf-with-dsym";
				DEVELOPMENT_TEAM = UE6BVYPPFX;
				ENABLE_PREVIEWS = YES;
				GCC_C_LANGUAGE_STANDARD = gnu11;
				INFOPLIST_FILE = "WatchBetterRail Extension/Info.plist";
				LD_RUNPATH_SEARCH_PATHS = "$(inherited) @executable_path/Frameworks @executable_path/../../Frameworks";
				MARKETING_VERSION = 1.10.0;
				MTL_FAST_MATH = YES;
				PRODUCT_BUNDLE_IDENTIFIER = "il.co.better-rail.watchkitapp.watchkitextension";
				PRODUCT_NAME = "${TARGET_NAME}";
				SDKROOT = watchos;
				SKIP_INSTALL = YES;
				SWIFT_OPTIMIZATION_LEVEL = "-Owholemodule";
				SWIFT_VERSION = 5.0;
				TARGETED_DEVICE_FAMILY = 4;
				WATCHOS_DEPLOYMENT_TARGET = 7.1;
			};
			name = Release;
		};
		C1A8026F2747AB4D00A3073D /* Debug */ = {
			isa = XCBuildConfiguration;
			buildSettings = {
				ASSETCATALOG_COMPILER_GLOBAL_ACCENT_COLOR_NAME = AccentColor;
				ASSETCATALOG_COMPILER_WIDGET_BACKGROUND_COLOR_NAME = WidgetBackground;
				CLANG_ANALYZER_NONNULL = YES;
				CLANG_ANALYZER_NUMBER_OBJECT_CONVERSION = YES_AGGRESSIVE;
				CLANG_CXX_LANGUAGE_STANDARD = "gnu++14";
				CLANG_ENABLE_OBJC_WEAK = YES;
				CLANG_WARN_DOCUMENTATION_COMMENTS = YES;
				CLANG_WARN_QUOTED_INCLUDE_IN_FRAMEWORK_HEADER = YES;
				CLANG_WARN_UNGUARDED_AVAILABILITY = YES_AGGRESSIVE;
				CODE_SIGN_STYLE = Automatic;
				CURRENT_PROJECT_VERSION = 11;
				DEBUG_INFORMATION_FORMAT = dwarf;
				DEVELOPMENT_TEAM = UE6BVYPPFX;
				GCC_C_LANGUAGE_STANDARD = gnu11;
				INFOPLIST_FILE = BetterRailWidget/Info.plist;
				IPHONEOS_DEPLOYMENT_TARGET = 14.0;
				LD_RUNPATH_SEARCH_PATHS = "$(inherited) @executable_path/Frameworks @executable_path/../../Frameworks";
				MARKETING_VERSION = 1.10.0;
				MTL_ENABLE_DEBUG_INFO = INCLUDE_SOURCE;
				MTL_FAST_MATH = YES;
				PRODUCT_BUNDLE_IDENTIFIER = "il.co.better-rail.BetterRailWidget";
				PRODUCT_NAME = "$(TARGET_NAME)";
				SKIP_INSTALL = YES;
				SWIFT_ACTIVE_COMPILATION_CONDITIONS = DEBUG;
				SWIFT_OPTIMIZATION_LEVEL = "-Onone";
				SWIFT_VERSION = 5.0;
				TARGETED_DEVICE_FAMILY = "1,2";
			};
			name = Debug;
		};
		C1A802702747AB4D00A3073D /* Release */ = {
			isa = XCBuildConfiguration;
			buildSettings = {
				ASSETCATALOG_COMPILER_GLOBAL_ACCENT_COLOR_NAME = AccentColor;
				ASSETCATALOG_COMPILER_WIDGET_BACKGROUND_COLOR_NAME = WidgetBackground;
				CLANG_ANALYZER_NONNULL = YES;
				CLANG_ANALYZER_NUMBER_OBJECT_CONVERSION = YES_AGGRESSIVE;
				CLANG_CXX_LANGUAGE_STANDARD = "gnu++14";
				CLANG_ENABLE_OBJC_WEAK = YES;
				CLANG_WARN_DOCUMENTATION_COMMENTS = YES;
				CLANG_WARN_QUOTED_INCLUDE_IN_FRAMEWORK_HEADER = YES;
				CLANG_WARN_UNGUARDED_AVAILABILITY = YES_AGGRESSIVE;
				CODE_SIGN_IDENTITY = "Apple Development";
				CODE_SIGN_STYLE = Automatic;
				COPY_PHASE_STRIP = NO;
				CURRENT_PROJECT_VERSION = 11;
				DEBUG_INFORMATION_FORMAT = "dwarf-with-dsym";
				DEVELOPMENT_TEAM = UE6BVYPPFX;
				GCC_C_LANGUAGE_STANDARD = gnu11;
				INFOPLIST_FILE = BetterRailWidget/Info.plist;
				IPHONEOS_DEPLOYMENT_TARGET = 14.0;
				LD_RUNPATH_SEARCH_PATHS = "$(inherited) @executable_path/Frameworks @executable_path/../../Frameworks";
				MARKETING_VERSION = 1.10.0;
				MTL_FAST_MATH = YES;
				PRODUCT_BUNDLE_IDENTIFIER = "il.co.better-rail.BetterRailWidget";
				PRODUCT_NAME = "$(TARGET_NAME)";
				SKIP_INSTALL = YES;
				SWIFT_OPTIMIZATION_LEVEL = "-Owholemodule";
				SWIFT_VERSION = 5.0;
				TARGETED_DEVICE_FAMILY = "1,2";
			};
			name = Release;
		};
		C1B12147276202130085C269 /* Debug */ = {
			isa = XCBuildConfiguration;
			buildSettings = {
				CLANG_ANALYZER_NONNULL = YES;
				CLANG_ANALYZER_NUMBER_OBJECT_CONVERSION = YES_AGGRESSIVE;
				CLANG_CXX_LANGUAGE_STANDARD = "gnu++14";
				CLANG_ENABLE_OBJC_WEAK = YES;
				CLANG_WARN_DOCUMENTATION_COMMENTS = YES;
				CLANG_WARN_QUOTED_INCLUDE_IN_FRAMEWORK_HEADER = YES;
				CLANG_WARN_UNGUARDED_AVAILABILITY = YES_AGGRESSIVE;
				CODE_SIGN_ENTITLEMENTS = StationIntent/StationIntentDebug.entitlements;
				CODE_SIGN_STYLE = Automatic;
				CURRENT_PROJECT_VERSION = 11;
				DEBUG_INFORMATION_FORMAT = dwarf;
				DEVELOPMENT_TEAM = UE6BVYPPFX;
				GCC_C_LANGUAGE_STANDARD = gnu11;
				INFOPLIST_FILE = StationIntent/Info.plist;
				IPHONEOS_DEPLOYMENT_TARGET = 14.0;
				LD_RUNPATH_SEARCH_PATHS = "$(inherited) @executable_path/Frameworks @executable_path/../../Frameworks";
				MARKETING_VERSION = 1.10.0;
				MTL_ENABLE_DEBUG_INFO = INCLUDE_SOURCE;
				MTL_FAST_MATH = YES;
				PRODUCT_BUNDLE_IDENTIFIER = "il.co.better-rail.StationIntent";
				PRODUCT_NAME = "$(TARGET_NAME)";
				SKIP_INSTALL = YES;
				SWIFT_ACTIVE_COMPILATION_CONDITIONS = DEBUG;
				SWIFT_OPTIMIZATION_LEVEL = "-Onone";
				SWIFT_VERSION = 5.0;
				TARGETED_DEVICE_FAMILY = "1,2";
			};
			name = Debug;
		};
		C1B12148276202130085C269 /* Release */ = {
			isa = XCBuildConfiguration;
			buildSettings = {
				CLANG_ANALYZER_NONNULL = YES;
				CLANG_ANALYZER_NUMBER_OBJECT_CONVERSION = YES_AGGRESSIVE;
				CLANG_CXX_LANGUAGE_STANDARD = "gnu++14";
				CLANG_ENABLE_OBJC_WEAK = YES;
				CLANG_WARN_DOCUMENTATION_COMMENTS = YES;
				CLANG_WARN_QUOTED_INCLUDE_IN_FRAMEWORK_HEADER = YES;
				CLANG_WARN_UNGUARDED_AVAILABILITY = YES_AGGRESSIVE;
				CODE_SIGN_ENTITLEMENTS = StationIntent/StationIntentRelease.entitlements;
				CODE_SIGN_IDENTITY = "Apple Development";
				CODE_SIGN_STYLE = Automatic;
				COPY_PHASE_STRIP = NO;
				CURRENT_PROJECT_VERSION = 11;
				DEBUG_INFORMATION_FORMAT = "dwarf-with-dsym";
				DEVELOPMENT_TEAM = UE6BVYPPFX;
				GCC_C_LANGUAGE_STANDARD = gnu11;
				INFOPLIST_FILE = StationIntent/Info.plist;
				IPHONEOS_DEPLOYMENT_TARGET = 14.0;
				LD_RUNPATH_SEARCH_PATHS = "$(inherited) @executable_path/Frameworks @executable_path/../../Frameworks";
				MARKETING_VERSION = 1.10.0;
				MTL_FAST_MATH = YES;
				PRODUCT_BUNDLE_IDENTIFIER = "il.co.better-rail.StationIntent";
				PRODUCT_NAME = "$(TARGET_NAME)";
				SKIP_INSTALL = YES;
				SWIFT_OPTIMIZATION_LEVEL = "-Owholemodule";
				SWIFT_VERSION = 5.0;
				TARGETED_DEVICE_FAMILY = "1,2";
			};
			name = Release;
		};
/* End XCBuildConfiguration section */

/* Begin XCConfigurationList section */
		00E357021AD99517003FC87E /* Build configuration list for PBXNativeTarget "BetterRailTests" */ = {
			isa = XCConfigurationList;
			buildConfigurations = (
				00E356F61AD99517003FC87E /* Debug */,
				00E356F71AD99517003FC87E /* Release */,
			);
			defaultConfigurationIsVisible = 0;
			defaultConfigurationName = Release;
		};
		13B07F931A680F5B00A75B9A /* Build configuration list for PBXNativeTarget "BetterRail" */ = {
			isa = XCConfigurationList;
			buildConfigurations = (
				13B07F941A680F5B00A75B9A /* Debug */,
				13B07F951A680F5B00A75B9A /* Release */,
			);
			defaultConfigurationIsVisible = 0;
			defaultConfigurationName = Release;
		};
		83CBB9FA1A601CBA00E9B192 /* Build configuration list for PBXProject "BetterRail" */ = {
			isa = XCConfigurationList;
			buildConfigurations = (
				83CBBA201A601CBA00E9B192 /* Debug */,
				83CBBA211A601CBA00E9B192 /* Release */,
			);
			defaultConfigurationIsVisible = 0;
			defaultConfigurationName = Release;
		};
		C17FA4DA2709EFBC003797D9 /* Build configuration list for PBXNativeTarget "WatchBetterRail Extension" */ = {
			isa = XCConfigurationList;
			buildConfigurations = (
				C17FA4D82709EFBC003797D9 /* Debug */,
				C17FA4D92709EFBC003797D9 /* Release */,
			);
			defaultConfigurationIsVisible = 0;
			defaultConfigurationName = Release;
		};
		C17FA4DB2709EFBC003797D9 /* Build configuration list for PBXNativeTarget "WatchBetterRail" */ = {
			isa = XCConfigurationList;
			buildConfigurations = (
				C17FA4D52709EFBC003797D9 /* Debug */,
				C17FA4D62709EFBC003797D9 /* Release */,
			);
			defaultConfigurationIsVisible = 0;
			defaultConfigurationName = Release;
		};
		C1A802712747AB4D00A3073D /* Build configuration list for PBXNativeTarget "BetterRailWidgetExtension" */ = {
			isa = XCConfigurationList;
			buildConfigurations = (
				C1A8026F2747AB4D00A3073D /* Debug */,
				C1A802702747AB4D00A3073D /* Release */,
			);
			defaultConfigurationIsVisible = 0;
			defaultConfigurationName = Release;
		};
		C1B12146276202130085C269 /* Build configuration list for PBXNativeTarget "StationIntent" */ = {
			isa = XCConfigurationList;
			buildConfigurations = (
				C1B12147276202130085C269 /* Debug */,
				C1B12148276202130085C269 /* Release */,
			);
			defaultConfigurationIsVisible = 0;
			defaultConfigurationName = Release;
		};
/* End XCConfigurationList section */
	};
	rootObject = 83CBB9F71A601CBA00E9B192 /* Project object */;
}
