{
  "originHash" : "9ffd9d1e528caeb086342c7f29c68200ac4fca42d752e7c65ba5c5b00ddf6277",
  "pins" : [
    {
      "identity" : "easyskeleton",
      "kind" : "remoteSourceControl",
      "location" : "https://github.com/SpectralDragon/EasySkeleton",
      "state" : {
        "branch" : "main",
        "revision" : "0047954dca0b2ae64c6ebb0bd69aef9b99cd123e"
      }
    },
    {
      "identity" : "htmlstring",
      "kind" : "remoteSourceControl",
      "location" : "https://github.com/alexaubry/HTMLString",
      "state" : {
        "revision" : "04613a3b0f40a91e554b5174c0a10657f1a26357",
        "version" : "6.0.1"
      }
    }
  ],
  "version" : 3
}
