PODS:
  - boost (1.76.0)
  - BVLinearGradient (2.5.6):
    - React
  - CocoaAsyncSocket (7.6.5)
  - DoubleConversion (1.1.6)
  - EXApplication (5.1.1):
    - ExpoModulesCore
  - EXFont (11.1.1):
    - ExpoModulesCore
  - Expo (48.0.10):
    - ExpoModulesCore
  - ExpoKeepAwake (12.0.1):
    - ExpoModulesCore
  - ExpoLocalization (14.1.1):
    - ExpoModulesCore
  - ExpoModulesCore (1.2.6):
    - React-Core
    - React-RCTAppDelegate
    - ReactCommon/turbomodule/core
  - FBLazyVector (0.71.3)
  - FBReactNativeSpec (0.71.3):
    - RCT-Folly (= 2021.07.22.00)
    - RCTRequired (= 0.71.3)
    - RCTTypeSafety (= 0.71.3)
    - React-Core (= 0.71.3)
    - React-jsi (= 0.71.3)
    - ReactCommon/turbomodule/core (= 0.71.3)
  - Flipper (0.78.0):
    - Flipper-Folly (~> 2.5)
    - Flipper-RSocket (~> 1.3)
  - Flipper-Boost-iOSX (1.76.0.1.11)
  - Flipper-DoubleConversion (3.2.0.1)
  - Flipper-Fmt (7.1.7)
  - Flipper-Folly (2.6.10):
    - Flipper-Boost-iOSX
    - Flipper-DoubleConversion
    - Flipper-Fmt (= 7.1.7)
    - Flipper-Glog
    - libevent (~> 2.1.12)
    - OpenSSL-Universal (= 1.1.1100)
  - Flipper-Glog (0.5.0.5)
  - Flipper-PeerTalk (0.0.4)
  - Flipper-RSocket (1.4.3):
    - Flipper-Folly (~> 2.6)
  - FlipperKit (0.78.0):
    - FlipperKit/Core (= 0.78.0)
  - FlipperKit/Core (0.78.0):
    - Flipper (~> 0.78.0)
    - FlipperKit/CppBridge
    - FlipperKit/FBCxxFollyDynamicConvert
    - FlipperKit/FBDefines
    - FlipperKit/FKPortForwarding
  - FlipperKit/CppBridge (0.78.0):
    - Flipper (~> 0.78.0)
  - FlipperKit/FBCxxFollyDynamicConvert (0.78.0):
    - Flipper-Folly (~> 2.5)
  - FlipperKit/FBDefines (0.78.0)
  - FlipperKit/FKPortForwarding (0.78.0):
    - CocoaAsyncSocket (~> 7.6)
    - Flipper-PeerTalk (~> 0.0.4)
  - FlipperKit/FlipperKitHighlightOverlay (0.78.0)
  - FlipperKit/FlipperKitLayoutPlugin (0.78.0):
    - FlipperKit/Core
    - FlipperKit/FlipperKitHighlightOverlay
    - FlipperKit/FlipperKitLayoutTextSearchable
    - YogaKit (~> 1.18)
  - FlipperKit/FlipperKitLayoutTextSearchable (0.78.0)
  - FlipperKit/FlipperKitNetworkPlugin (0.78.0):
    - FlipperKit/Core
  - FlipperKit/FlipperKitReactPlugin (0.78.0):
    - FlipperKit/Core
  - FlipperKit/FlipperKitUserDefaultsPlugin (0.78.0):
    - FlipperKit/Core
  - FlipperKit/SKIOSNetworkPlugin (0.78.0):
    - FlipperKit/Core
    - FlipperKit/FlipperKitNetworkPlugin
  - fmt (6.2.1)
  - glog (0.3.5)
  - libevent (2.1.12)
  - OpenSSL-Universal (1.1.1100)
  - RCT-Folly (2021.07.22.00):
    - boost
    - DoubleConversion
    - fmt (~> 6.2.1)
    - glog
    - RCT-Folly/Default (= 2021.07.22.00)
  - RCT-Folly/Default (2021.07.22.00):
    - boost
    - DoubleConversion
    - fmt (~> 6.2.1)
    - glog
  - RCTRequired (0.71.3)
  - RCTTypeSafety (0.71.3):
    - FBLazyVector (= 0.71.3)
    - RCTRequired (= 0.71.3)
    - React-Core (= 0.71.3)
  - React (0.71.3):
    - React-Core (= 0.71.3)
    - React-Core/DevSupport (= 0.71.3)
    - React-Core/RCTWebSocket (= 0.71.3)
    - React-RCTActionSheet (= 0.71.3)
    - React-RCTAnimation (= 0.71.3)
    - React-RCTBlob (= 0.71.3)
    - React-RCTImage (= 0.71.3)
    - React-RCTLinking (= 0.71.3)
    - React-RCTNetwork (= 0.71.3)
    - React-RCTSettings (= 0.71.3)
    - React-RCTText (= 0.71.3)
    - React-RCTVibration (= 0.71.3)
  - React-callinvoker (0.71.3)
  - React-Codegen (0.71.3):
    - FBReactNativeSpec
    - RCT-Folly
    - RCTRequired
    - RCTTypeSafety
    - React-Core
    - React-jsc
    - React-jsi
    - React-jsiexecutor
    - ReactCommon/turbomodule/bridging
    - ReactCommon/turbomodule/core
  - React-Core (0.71.3):
    - glog
    - RCT-Folly (= 2021.07.22.00)
    - React-Core/Default (= 0.71.3)
    - React-cxxreact (= 0.71.3)
    - React-jsc
    - React-jsi (= 0.71.3)
    - React-jsiexecutor (= 0.71.3)
    - React-perflogger (= 0.71.3)
    - Yoga
  - React-Core/CoreModulesHeaders (0.71.3):
    - glog
    - RCT-Folly (= 2021.07.22.00)
    - React-Core/Default
    - React-cxxreact (= 0.71.3)
    - React-jsc
    - React-jsi (= 0.71.3)
    - React-jsiexecutor (= 0.71.3)
    - React-perflogger (= 0.71.3)
    - Yoga
  - React-Core/Default (0.71.3):
    - glog
    - RCT-Folly (= 2021.07.22.00)
    - React-cxxreact (= 0.71.3)
    - React-jsc
    - React-jsi (= 0.71.3)
    - React-jsiexecutor (= 0.71.3)
    - React-perflogger (= 0.71.3)
    - Yoga
  - React-Core/DevSupport (0.71.3):
    - glog
    - RCT-Folly (= 2021.07.22.00)
    - React-Core/Default (= 0.71.3)
    - React-Core/RCTWebSocket (= 0.71.3)
    - React-cxxreact (= 0.71.3)
    - React-jsc
    - React-jsi (= 0.71.3)
    - React-jsiexecutor (= 0.71.3)
    - React-jsinspector (= 0.71.3)
    - React-perflogger (= 0.71.3)
    - Yoga
  - React-Core/RCTActionSheetHeaders (0.71.3):
    - glog
    - RCT-Folly (= 2021.07.22.00)
    - React-Core/Default
    - React-cxxreact (= 0.71.3)
    - React-jsc
    - React-jsi (= 0.71.3)
    - React-jsiexecutor (= 0.71.3)
    - React-perflogger (= 0.71.3)
    - Yoga
  - React-Core/RCTAnimationHeaders (0.71.3):
    - glog
    - RCT-Folly (= 2021.07.22.00)
    - React-Core/Default
    - React-cxxreact (= 0.71.3)
    - React-jsc
    - React-jsi (= 0.71.3)
    - React-jsiexecutor (= 0.71.3)
    - React-perflogger (= 0.71.3)
    - Yoga
  - React-Core/RCTBlobHeaders (0.71.3):
    - glog
    - RCT-Folly (= 2021.07.22.00)
    - React-Core/Default
    - React-cxxreact (= 0.71.3)
    - React-jsc
    - React-jsi (= 0.71.3)
    - React-jsiexecutor (= 0.71.3)
    - React-perflogger (= 0.71.3)
    - Yoga
  - React-Core/RCTImageHeaders (0.71.3):
    - glog
    - RCT-Folly (= 2021.07.22.00)
    - React-Core/Default
    - React-cxxreact (= 0.71.3)
    - React-jsc
    - React-jsi (= 0.71.3)
    - React-jsiexecutor (= 0.71.3)
    - React-perflogger (= 0.71.3)
    - Yoga
  - React-Core/RCTLinkingHeaders (0.71.3):
    - glog
    - RCT-Folly (= 2021.07.22.00)
    - React-Core/Default
    - React-cxxreact (= 0.71.3)
    - React-jsc
    - React-jsi (= 0.71.3)
    - React-jsiexecutor (= 0.71.3)
    - React-perflogger (= 0.71.3)
    - Yoga
  - React-Core/RCTNetworkHeaders (0.71.3):
    - glog
    - RCT-Folly (= 2021.07.22.00)
    - React-Core/Default
    - React-cxxreact (= 0.71.3)
    - React-jsc
    - React-jsi (= 0.71.3)
    - React-jsiexecutor (= 0.71.3)
    - React-perflogger (= 0.71.3)
    - Yoga
  - React-Core/RCTSettingsHeaders (0.71.3):
    - glog
    - RCT-Folly (= 2021.07.22.00)
    - React-Core/Default
    - React-cxxreact (= 0.71.3)
    - React-jsc
    - React-jsi (= 0.71.3)
    - React-jsiexecutor (= 0.71.3)
    - React-perflogger (= 0.71.3)
    - Yoga
  - React-Core/RCTTextHeaders (0.71.3):
    - glog
    - RCT-Folly (= 2021.07.22.00)
    - React-Core/Default
    - React-cxxreact (= 0.71.3)
    - React-jsc
    - React-jsi (= 0.71.3)
    - React-jsiexecutor (= 0.71.3)
    - React-perflogger (= 0.71.3)
    - Yoga
  - React-Core/RCTVibrationHeaders (0.71.3):
    - glog
    - RCT-Folly (= 2021.07.22.00)
    - React-Core/Default
    - React-cxxreact (= 0.71.3)
    - React-jsc
    - React-jsi (= 0.71.3)
    - React-jsiexecutor (= 0.71.3)
    - React-perflogger (= 0.71.3)
    - Yoga
  - React-Core/RCTWebSocket (0.71.3):
    - glog
    - RCT-Folly (= 2021.07.22.00)
    - React-Core/Default (= 0.71.3)
    - React-cxxreact (= 0.71.3)
    - React-jsc
    - React-jsi (= 0.71.3)
    - React-jsiexecutor (= 0.71.3)
    - React-perflogger (= 0.71.3)
    - Yoga
  - React-CoreModules (0.71.3):
    - RCT-Folly (= 2021.07.22.00)
    - RCTTypeSafety (= 0.71.3)
    - React-Codegen (= 0.71.3)
    - React-Core/CoreModulesHeaders (= 0.71.3)
    - React-jsi (= 0.71.3)
    - React-RCTBlob
    - React-RCTImage (= 0.71.3)
    - ReactCommon/turbomodule/core (= 0.71.3)
  - React-cxxreact (0.71.3):
    - boost (= 1.76.0)
    - DoubleConversion
    - glog
    - RCT-Folly (= 2021.07.22.00)
    - React-callinvoker (= 0.71.3)
    - React-jsi (= 0.71.3)
    - React-jsinspector (= 0.71.3)
    - React-logger (= 0.71.3)
    - React-perflogger (= 0.71.3)
    - React-runtimeexecutor (= 0.71.3)
  - React-jsc (0.71.3):
    - React-jsc/Fabric (= 0.71.3)
    - React-jsi (= 0.71.3)
  - React-jsi (0.71.3):
    - boost (= 1.76.0)
    - DoubleConversion
    - glog
    - RCT-Folly (= 2021.07.22.00)
  - React-jsiexecutor (0.71.3):
    - DoubleConversion
    - glog
    - RCT-Folly (= 2021.07.22.00)
    - React-cxxreact (= 0.71.3)
    - React-jsi (= 0.71.3)
    - React-perflogger (= 0.71.3)
  - React-jsinspector (0.71.3)
  - React-logger (0.71.3):
    - glog
  - react-native-date-picker (4.2.10):
    - React-Core
  - react-native-in-app-review (3.2.3):
    - React
  - react-native-ios-context-menu (1.3.0):
    - React-Core
  - react-native-netinfo (9.3.7):
    - React-Core
  - react-native-restart (0.0.22):
    - React-Core
  - react-native-safe-area-context (4.5.0):
    - RCT-Folly
    - RCTRequired
    - RCTTypeSafety
    - React-Core
    - ReactCommon/turbomodule/core
  - react-native-segmented-control (2.4.0):
    - React-Core
  - React-perflogger (0.71.3)
  - React-RCTActionSheet (0.71.3):
    - React-Core/RCTActionSheetHeaders (= 0.71.3)
  - React-RCTAnimation (0.71.3):
    - RCT-Folly (= 2021.07.22.00)
    - RCTTypeSafety (= 0.71.3)
    - React-Codegen (= 0.71.3)
    - React-Core/RCTAnimationHeaders (= 0.71.3)
    - React-jsi (= 0.71.3)
    - ReactCommon/turbomodule/core (= 0.71.3)
  - React-RCTAppDelegate (0.71.3):
    - RCT-Folly
    - RCTRequired
    - RCTTypeSafety
    - React-Core
    - ReactCommon/turbomodule/core
  - React-RCTBlob (0.71.3):
    - RCT-Folly (= 2021.07.22.00)
    - React-Codegen (= 0.71.3)
    - React-Core/RCTBlobHeaders (= 0.71.3)
    - React-Core/RCTWebSocket (= 0.71.3)
    - React-jsi (= 0.71.3)
    - React-RCTNetwork (= 0.71.3)
    - ReactCommon/turbomodule/core (= 0.71.3)
  - React-RCTImage (0.71.3):
    - RCT-Folly (= 2021.07.22.00)
    - RCTTypeSafety (= 0.71.3)
    - React-Codegen (= 0.71.3)
    - React-Core/RCTImageHeaders (= 0.71.3)
    - React-jsi (= 0.71.3)
    - React-RCTNetwork (= 0.71.3)
    - ReactCommon/turbomodule/core (= 0.71.3)
  - React-RCTLinking (0.71.3):
    - React-Codegen (= 0.71.3)
    - React-Core/RCTLinkingHeaders (= 0.71.3)
    - React-jsi (= 0.71.3)
    - ReactCommon/turbomodule/core (= 0.71.3)
  - React-RCTNetwork (0.71.3):
    - RCT-Folly (= 2021.07.22.00)
    - RCTTypeSafety (= 0.71.3)
    - React-Codegen (= 0.71.3)
    - React-Core/RCTNetworkHeaders (= 0.71.3)
    - React-jsi (= 0.71.3)
    - ReactCommon/turbomodule/core (= 0.71.3)
  - React-RCTSettings (0.71.3):
    - RCT-Folly (= 2021.07.22.00)
    - RCTTypeSafety (= 0.71.3)
    - React-Codegen (= 0.71.3)
    - React-Core/RCTSettingsHeaders (= 0.71.3)
    - React-jsi (= 0.71.3)
    - ReactCommon/turbomodule/core (= 0.71.3)
  - React-RCTText (0.71.3):
    - React-Core/RCTTextHeaders (= 0.71.3)
  - React-RCTVibration (0.71.3):
    - RCT-Folly (= 2021.07.22.00)
    - React-Codegen (= 0.71.3)
    - React-Core/RCTVibrationHeaders (= 0.71.3)
    - React-jsi (= 0.71.3)
    - ReactCommon/turbomodule/core (= 0.71.3)
  - React-runtimeexecutor (0.71.3):
    - React-jsi (= 0.71.3)
  - ReactCommon/turbomodule/bridging (0.71.3):
    - DoubleConversion
    - glog
    - RCT-Folly (= 2021.07.22.00)
    - React-callinvoker (= 0.71.3)
    - React-Core (= 0.71.3)
    - React-cxxreact (= 0.71.3)
    - React-jsi (= 0.71.3)
    - React-logger (= 0.71.3)
    - React-perflogger (= 0.71.3)
  - ReactCommon/turbomodule/core (0.71.3):
    - DoubleConversion
    - glog
    - RCT-Folly (= 2021.07.22.00)
    - React-callinvoker (= 0.71.3)
    - React-Core (= 0.71.3)
    - React-cxxreact (= 0.71.3)
    - React-jsi (= 0.71.3)
    - React-logger (= 0.71.3)
    - React-perflogger (= 0.71.3)
  - RNCAsyncStorage (1.17.11):
    - React-Core
  - RNCMaskedView (0.2.8):
    - React-Core
  - RNDateTimePicker (6.7.3):
    - React-Core
  - RNDeviceInfo (8.4.6):
    - React-Core
  - RNGestureHandler (2.9.0):
    - React-Core
  - RNIap (8.0.8):
    - React-Core
  - RNInAppBrowser (3.5.1):
    - React-Core
  - RNReactNativeHapticFeedback (2.0.3):
    - React-Core
  - RNReanimated (2.14.4):
    - DoubleConversion
    - FBLazyVector
    - FBReactNativeSpec
    - glog
    - RCT-Folly
    - RCTRequired
    - RCTTypeSafety
    - React-callinvoker
    - React-Core
    - React-Core/DevSupport
    - React-Core/RCTWebSocket
    - React-CoreModules
    - React-cxxreact
    - React-jsi
    - React-jsiexecutor
    - React-jsinspector
    - React-RCTActionSheet
    - React-RCTAnimation
    - React-RCTBlob
    - React-RCTImage
    - React-RCTLinking
    - React-RCTNetwork
    - React-RCTSettings
    - React-RCTText
    - ReactCommon/turbomodule/core
    - Yoga
  - RNScreens (3.20.0):
    - React-Core
    - React-RCTImage
  - RNShare (6.2.1):
    - React-Core
  - RNSVG (13.4.0):
    - React-Core
  - RNWatch (1.0.4):
    - React
  - ToastHybrid (2.4.5):
    - React
  - Yoga (1.14.0)
  - YogaKit (1.18.1):
    - Yoga (~> 1.14)

DEPENDENCIES:
  - boost (from `../node_modules/react-native/third-party-podspecs/boost.podspec`)
  - BVLinearGradient (from `../node_modules/react-native-linear-gradient`)
  - DoubleConversion (from `../node_modules/react-native/third-party-podspecs/DoubleConversion.podspec`)
  - EXApplication (from `../node_modules/expo-application/ios`)
  - EXFont (from `../node_modules/expo-font/ios`)
  - Expo (from `../node_modules/expo`)
  - ExpoKeepAwake (from `../node_modules/expo-keep-awake/ios`)
  - ExpoLocalization (from `../node_modules/expo-localization/ios`)
  - ExpoModulesCore (from `../node_modules/expo-modules-core`)
  - FBLazyVector (from `../node_modules/react-native/Libraries/FBLazyVector`)
  - FBReactNativeSpec (from `../node_modules/react-native/React/FBReactNativeSpec`)
  - Flipper (= 0.78.0)
  - Flipper-Boost-iOSX (= 1.76.0.1.11)
  - Flipper-DoubleConversion (= 3.2.0.1)
  - Flipper-Fmt (= 7.1.7)
  - Flipper-Folly (= 2.6.10)
  - Flipper-Glog (= 0.5.0.5)
  - Flipper-PeerTalk (= 0.0.4)
  - Flipper-RSocket (= 1.4.3)
  - FlipperKit (= 0.78.0)
  - FlipperKit/Core (= 0.78.0)
  - FlipperKit/CppBridge (= 0.78.0)
  - FlipperKit/FBCxxFollyDynamicConvert (= 0.78.0)
  - FlipperKit/FBDefines (= 0.78.0)
  - FlipperKit/FKPortForwarding (= 0.78.0)
  - FlipperKit/FlipperKitHighlightOverlay (= 0.78.0)
  - FlipperKit/FlipperKitLayoutPlugin (= 0.78.0)
  - FlipperKit/FlipperKitLayoutTextSearchable (= 0.78.0)
  - FlipperKit/FlipperKitNetworkPlugin (= 0.78.0)
  - FlipperKit/FlipperKitReactPlugin (= 0.78.0)
  - FlipperKit/FlipperKitUserDefaultsPlugin (= 0.78.0)
  - FlipperKit/SKIOSNetworkPlugin (= 0.78.0)
  - glog (from `../node_modules/react-native/third-party-podspecs/glog.podspec`)
  - OpenSSL-Universal (= 1.1.1100)
  - RCT-Folly (from `../node_modules/react-native/third-party-podspecs/RCT-Folly.podspec`)
  - RCTRequired (from `../node_modules/react-native/Libraries/RCTRequired`)
  - RCTTypeSafety (from `../node_modules/react-native/Libraries/TypeSafety`)
  - React (from `../node_modules/react-native/`)
  - React-callinvoker (from `../node_modules/react-native/ReactCommon/callinvoker`)
  - React-Codegen (from `build/generated/ios`)
  - React-Core (from `../node_modules/react-native/`)
  - React-Core/DevSupport (from `../node_modules/react-native/`)
  - React-Core/RCTWebSocket (from `../node_modules/react-native/`)
  - React-CoreModules (from `../node_modules/react-native/React/CoreModules`)
  - React-cxxreact (from `../node_modules/react-native/ReactCommon/cxxreact`)
  - React-jsc (from `../node_modules/react-native/ReactCommon/jsc`)
  - React-jsi (from `../node_modules/react-native/ReactCommon/jsi`)
  - React-jsiexecutor (from `../node_modules/react-native/ReactCommon/jsiexecutor`)
  - React-jsinspector (from `../node_modules/react-native/ReactCommon/jsinspector`)
  - React-logger (from `../node_modules/react-native/ReactCommon/logger`)
  - react-native-date-picker (from `../node_modules/react-native-date-picker`)
  - react-native-in-app-review (from `../node_modules/react-native-in-app-review`)
  - react-native-ios-context-menu (from `../node_modules/react-native-ios-context-menu`)
  - "react-native-netinfo (from `../node_modules/@react-native-community/netinfo`)"
  - react-native-restart (from `../node_modules/react-native-restart`)
  - react-native-safe-area-context (from `../node_modules/react-native-safe-area-context`)
  - "react-native-segmented-control (from `../node_modules/@react-native-segmented-control/segmented-control`)"
  - React-perflogger (from `../node_modules/react-native/ReactCommon/reactperflogger`)
  - React-RCTActionSheet (from `../node_modules/react-native/Libraries/ActionSheetIOS`)
  - React-RCTAnimation (from `../node_modules/react-native/Libraries/NativeAnimation`)
  - React-RCTAppDelegate (from `../node_modules/react-native/Libraries/AppDelegate`)
  - React-RCTBlob (from `../node_modules/react-native/Libraries/Blob`)
  - React-RCTImage (from `../node_modules/react-native/Libraries/Image`)
  - React-RCTLinking (from `../node_modules/react-native/Libraries/LinkingIOS`)
  - React-RCTNetwork (from `../node_modules/react-native/Libraries/Network`)
  - React-RCTSettings (from `../node_modules/react-native/Libraries/Settings`)
  - React-RCTText (from `../node_modules/react-native/Libraries/Text`)
  - React-RCTVibration (from `../node_modules/react-native/Libraries/Vibration`)
  - React-runtimeexecutor (from `../node_modules/react-native/ReactCommon/runtimeexecutor`)
  - ReactCommon/turbomodule/core (from `../node_modules/react-native/ReactCommon`)
  - "RNCAsyncStorage (from `../node_modules/@react-native-async-storage/async-storage`)"
  - "RNCMaskedView (from `../node_modules/@react-native-masked-view/masked-view`)"
  - "RNDateTimePicker (from `../node_modules/@react-native-community/datetimepicker`)"
  - RNDeviceInfo (from `../node_modules/react-native-device-info`)
  - RNGestureHandler (from `../node_modules/react-native-gesture-handler`)
  - RNIap (from `../node_modules/react-native-iap`)
  - RNInAppBrowser (from `../node_modules/react-native-inappbrowser-reborn`)
  - RNReactNativeHapticFeedback (from `../node_modules/react-native-haptic-feedback`)
  - RNReanimated (from `../node_modules/react-native-reanimated`)
  - RNScreens (from `../node_modules/react-native-screens`)
  - RNShare (from `../node_modules/react-native-share`)
  - RNSVG (from `../node_modules/react-native-svg`)
  - RNWatch (from `../node_modules/react-native-watch-connectivity`)
  - ToastHybrid (from `../node_modules/react-native-toast-hybrid`)
  - Yoga (from `../node_modules/react-native/ReactCommon/yoga`)

SPEC REPOS:
  trunk:
    - CocoaAsyncSocket
    - Flipper
    - Flipper-Boost-iOSX
    - Flipper-DoubleConversion
    - Flipper-Fmt
    - Flipper-Folly
    - Flipper-Glog
    - Flipper-PeerTalk
    - Flipper-RSocket
    - FlipperKit
    - fmt
    - libevent
    - OpenSSL-Universal
    - YogaKit

EXTERNAL SOURCES:
  boost:
    :podspec: "../node_modules/react-native/third-party-podspecs/boost.podspec"
  BVLinearGradient:
    :path: "../node_modules/react-native-linear-gradient"
  DoubleConversion:
    :podspec: "../node_modules/react-native/third-party-podspecs/DoubleConversion.podspec"
  EXApplication:
    :path: "../node_modules/expo-application/ios"
  EXFont:
    :path: "../node_modules/expo-font/ios"
  Expo:
    :path: "../node_modules/expo"
  ExpoKeepAwake:
    :path: "../node_modules/expo-keep-awake/ios"
  ExpoLocalization:
    :path: "../node_modules/expo-localization/ios"
  ExpoModulesCore:
    :path: "../node_modules/expo-modules-core"
  FBLazyVector:
    :path: "../node_modules/react-native/Libraries/FBLazyVector"
  FBReactNativeSpec:
    :path: "../node_modules/react-native/React/FBReactNativeSpec"
  glog:
    :podspec: "../node_modules/react-native/third-party-podspecs/glog.podspec"
  RCT-Folly:
    :podspec: "../node_modules/react-native/third-party-podspecs/RCT-Folly.podspec"
  RCTRequired:
    :path: "../node_modules/react-native/Libraries/RCTRequired"
  RCTTypeSafety:
    :path: "../node_modules/react-native/Libraries/TypeSafety"
  React:
    :path: "../node_modules/react-native/"
  React-callinvoker:
    :path: "../node_modules/react-native/ReactCommon/callinvoker"
  React-Codegen:
    :path: build/generated/ios
  React-Core:
    :path: "../node_modules/react-native/"
  React-CoreModules:
    :path: "../node_modules/react-native/React/CoreModules"
  React-cxxreact:
    :path: "../node_modules/react-native/ReactCommon/cxxreact"
  React-jsc:
    :path: "../node_modules/react-native/ReactCommon/jsc"
  React-jsi:
    :path: "../node_modules/react-native/ReactCommon/jsi"
  React-jsiexecutor:
    :path: "../node_modules/react-native/ReactCommon/jsiexecutor"
  React-jsinspector:
    :path: "../node_modules/react-native/ReactCommon/jsinspector"
  React-logger:
    :path: "../node_modules/react-native/ReactCommon/logger"
  react-native-date-picker:
    :path: "../node_modules/react-native-date-picker"
  react-native-in-app-review:
    :path: "../node_modules/react-native-in-app-review"
  react-native-ios-context-menu:
    :path: "../node_modules/react-native-ios-context-menu"
  react-native-netinfo:
    :path: "../node_modules/@react-native-community/netinfo"
  react-native-restart:
    :path: "../node_modules/react-native-restart"
  react-native-safe-area-context:
    :path: "../node_modules/react-native-safe-area-context"
  react-native-segmented-control:
    :path: "../node_modules/@react-native-segmented-control/segmented-control"
  React-perflogger:
    :path: "../node_modules/react-native/ReactCommon/reactperflogger"
  React-RCTActionSheet:
    :path: "../node_modules/react-native/Libraries/ActionSheetIOS"
  React-RCTAnimation:
    :path: "../node_modules/react-native/Libraries/NativeAnimation"
  React-RCTAppDelegate:
    :path: "../node_modules/react-native/Libraries/AppDelegate"
  React-RCTBlob:
    :path: "../node_modules/react-native/Libraries/Blob"
  React-RCTImage:
    :path: "../node_modules/react-native/Libraries/Image"
  React-RCTLinking:
    :path: "../node_modules/react-native/Libraries/LinkingIOS"
  React-RCTNetwork:
    :path: "../node_modules/react-native/Libraries/Network"
  React-RCTSettings:
    :path: "../node_modules/react-native/Libraries/Settings"
  React-RCTText:
    :path: "../node_modules/react-native/Libraries/Text"
  React-RCTVibration:
    :path: "../node_modules/react-native/Libraries/Vibration"
  React-runtimeexecutor:
    :path: "../node_modules/react-native/ReactCommon/runtimeexecutor"
  ReactCommon:
    :path: "../node_modules/react-native/ReactCommon"
  RNCAsyncStorage:
    :path: "../node_modules/@react-native-async-storage/async-storage"
  RNCMaskedView:
    :path: "../node_modules/@react-native-masked-view/masked-view"
  RNDateTimePicker:
    :path: "../node_modules/@react-native-community/datetimepicker"
  RNDeviceInfo:
    :path: "../node_modules/react-native-device-info"
  RNGestureHandler:
    :path: "../node_modules/react-native-gesture-handler"
  RNIap:
    :path: "../node_modules/react-native-iap"
  RNInAppBrowser:
    :path: "../node_modules/react-native-inappbrowser-reborn"
  RNReactNativeHapticFeedback:
    :path: "../node_modules/react-native-haptic-feedback"
  RNReanimated:
    :path: "../node_modules/react-native-reanimated"
  RNScreens:
    :path: "../node_modules/react-native-screens"
  RNShare:
    :path: "../node_modules/react-native-share"
  RNSVG:
    :path: "../node_modules/react-native-svg"
  RNWatch:
    :path: "../node_modules/react-native-watch-connectivity"
  ToastHybrid:
    :path: "../node_modules/react-native-toast-hybrid"
  Yoga:
    :path: "../node_modules/react-native/ReactCommon/yoga"

SPEC CHECKSUMS:
  boost: 57d2868c099736d80fcd648bf211b4431e51a558
  BVLinearGradient: e3aad03778a456d77928f594a649e96995f1c872
  CocoaAsyncSocket: 065fd1e645c7abab64f7a6a2007a48038fdc6a99
  DoubleConversion: 5189b271737e1565bdce30deb4a08d647e3f5f54
  EXApplication: d8f53a7eee90a870a75656280e8d4b85726ea903
  EXFont: 6ea3800df746be7233208d80fe379b8ed74f4272
  Expo: b04d142a2b477a391b47c62d179c1a9e1140e6ad
  ExpoKeepAwake: 69f5f627670d62318410392d03e0b5db0f85759a
  ExpoLocalization: f26cd431ad9ea3533c5b08c4fabd879176a794bb
  ExpoModulesCore: 6e0259511f4c4341b6b8357db393624df2280828
  FBLazyVector: 60195509584153283780abdac5569feffb8f08cc
  FBReactNativeSpec: 9c191fb58d06dc05ab5559a5505fc32139e9e4a2
  Flipper: 9290a54bab5ec3a5ed985ef56c17a5f0d8dcf7c6
  Flipper-Boost-iOSX: fd1e2b8cbef7e662a122412d7ac5f5bea715403c
  Flipper-DoubleConversion: 2dc99b02f658daf147069aad9dbd29d8feb06d30
  Flipper-Fmt: 60cbdd92fc254826e61d669a5d87ef7015396a9b
  Flipper-Folly: 584845625005ff068a6ebf41f857f468decd26b3
  Flipper-Glog: 70c50ce58ddaf67dc35180db05f191692570f446
  Flipper-PeerTalk: 116d8f857dc6ef55c7a5a75ea3ceaafe878aadc9
  Flipper-RSocket: d9d9ade67cbecf6ac10730304bf5607266dd2541
  FlipperKit: f3c70dd5ec92e2fd1128c3572ca93eacf3bbb55a
  fmt: ff9d55029c625d3757ed641535fd4a75fedc7ce9
  glog: 04b94705f318337d7ead9e6d17c019bd9b1f6b1b
  libevent: 4049cae6c81cdb3654a443be001fb9bdceff7913
  OpenSSL-Universal: ebc357f1e6bc71fa463ccb2fe676756aff50e88c
  RCT-Folly: 424b8c9a7a0b9ab2886ffe9c3b041ef628fd4fb1
  RCTRequired: bec48f07daf7bcdc2655a0cde84e07d24d2a9e2a
  RCTTypeSafety: 171394eebacf71e1cfad79dbfae7ee8fc16ca80a
  React: d7433ccb6a8c36e4cbed59a73c0700fc83c3e98a
  React-callinvoker: 15f165009bd22ae829b2b600e50bcc98076ce4b8
  React-Codegen: df9d3975a10b29c1dfa4baa7678449e9d9648ca7
  React-Core: 882014e745cdad5788c5c8aa1a0f4661880aad69
  React-CoreModules: e0cbc1a4f4f3f60e23c476fef7ab37be363ea8c1
  React-cxxreact: bde3dde79b6d8e2dae76197ad75c11883f7d152d
  React-jsc: 30670396f92f5f9bab121bf8c303f5a0a507061b
  React-jsi: 103a8ff6586095e0e6853522f8eea37ca0226f99
  React-jsiexecutor: 891dad49e50d35fba97eeb43a35ae7470a8e10b2
  React-jsinspector: 9f7c9137605e72ca0343db4cea88006cb94856dd
  React-logger: 957e5dc96d9dbffc6e0f15e0ee4d2b42829ff207
  react-native-date-picker: 89c419d88fa8e3c5f2d3cbae0bb7f7454ae8ea55
  react-native-in-app-review: 23f4f5b9fcd94339dd5d93c6230557f9c67c7dda
  react-native-ios-context-menu: 1ccf4d6aa1c0e7dc596613eb9a36f8c0c23ca56f
  react-native-netinfo: 2517ad504b3d303e90d7a431b0fcaef76d207983
  react-native-restart: 733a51ad137f15b0f8dc34c4082e55af7da00979
  react-native-safe-area-context: 39c2d8be3328df5d437ac1700f4f3a4f75716acc
  react-native-segmented-control: 06607462630512ff8eef652ec560e6235a30cc3e
  React-perflogger: af8a3d31546077f42d729b949925cc4549f14def
  React-RCTActionSheet: 57cc5adfefbaaf0aae2cf7e10bccd746f2903673
  React-RCTAnimation: 11c61e94da700c4dc915cf134513764d87fc5e2b
  React-RCTAppDelegate: 3057d5a551fbe3ac8bac361761f4c74ba2e5ab17
  React-RCTBlob: 0e49a4ecd4d5276c79bea13d1c4b21f99da45121
  React-RCTImage: 7a9226b0944f1e76e8e01e35a9245c2477cdbabb
  React-RCTLinking: bbe8cc582046a9c04f79c235b73c93700263e8b4
  React-RCTNetwork: fc2ca322159dc54e06508d4f5c3e934da63dc013
  React-RCTSettings: f1e9db2cdf946426d3f2b210e4ff4ce0f0d842ef
  React-RCTText: 1c41dd57e5d742b1396b4eeb251851ce7ff0fca1
  React-RCTVibration: 5199a180d04873366a83855de55ac33ce60fe4d5
  React-runtimeexecutor: 7bf0dafc7b727d93c8cb94eb00a9d3753c446c3e
  ReactCommon: 5768a505f0bc7b798dc2becdd3ee6442224f796c
  RNCAsyncStorage: 8616bd5a58af409453ea4e1b246521bb76578d60
  RNCMaskedView: bc0170f389056201c82a55e242e5d90070e18e5a
  RNDateTimePicker: 00247f26c34683c80be94207f488f6f13448586e
  RNDeviceInfo: d2df20ff25747778277a6aa8c749e8b53cf16a2a
  RNGestureHandler: 071d7a9ad81e8b83fe7663b303d132406a7d8f39
  RNIap: bb56165cc68bfa269e2effd407d6ec0af63e796f
  RNInAppBrowser: 48b95ba7a4eaff5cc223bca338d3e319561dbd1b
  RNReactNativeHapticFeedback: afa5bf2794aecbb2dba2525329253da0d66656df
  RNReanimated: cc5e3aa479cb9170bcccf8204291a6950a3be128
  RNScreens: 218801c16a2782546d30bd2026bb625c0302d70f
  RNShare: 5ac8f6532ca4cd80fc71caef1cfbba1854a6a045
  RNSVG: 07dbd870b0dcdecc99b3a202fa37c8ca163caec2
  RNWatch: 99637948ec9b5c9ec5a41920642594ad5ba07e80
  ToastHybrid: 432381039a804a60e142ebaa7af8290e236c288e
  Yoga: 5ed1699acbba8863755998a4245daa200ff3817b
  YogaKit: f782866e155069a2cca2517aafea43200b01fd5a

PODFILE CHECKSUM: 7157dc36cf810f6c0c2bbdadd2177339b4fc6bc1

COCOAPODS: 1.12.0
